// !$*UTF8*$!
{
	archiveVersion = 1;
	classes = {
	};
	objectVersion = 46;
	objects = {

/* Begin PBXBuildFile section */
		1C3D5BFC1CA0E74C0061D01D /* BaseViewController.m in Sources */ = {isa = PBXBuildFile; fileRef = 1C3D5BFB1CA0E74C0061D01D /* BaseViewController.m */; };
		1C3D5C381CA0E8A10061D01D /* LORequestManger.m in Sources */ = {isa = PBXBuildFile; fileRef = 1C3D5C261CA0E8A10061D01D /* LORequestManger.m */; };
		1C3D5C3C1CA0E9C30061D01D /* EveryDayModel.m in Sources */ = {isa = PBXBuildFile; fileRef = 1C3D5C3B1CA0E9C30061D01D /* EveryDayModel.m */; };
		1C3D5C501CA0EA710061D01D /* BlurImageView.m in Sources */ = {isa = PBXBuildFile; fileRef = 1C3D5C431CA0EA710061D01D /* BlurImageView.m */; };
		1C3D5C511CA0EA710061D01D /* ContentScrollView.m in Sources */ = {isa = PBXBuildFile; fileRef = 1C3D5C451CA0EA710061D01D /* ContentScrollView.m */; };
		1C3D5C521CA0EA710061D01D /* ContentView.m in Sources */ = {isa = PBXBuildFile; fileRef = 1C3D5C471CA0EA710061D01D /* ContentView.m */; };
		1C3D5C531CA0EA710061D01D /* CustomView.m in Sources */ = {isa = PBXBuildFile; fileRef = 1C3D5C491CA0EA710061D01D /* CustomView.m */; };
		1C3D5C541CA0EA710061D01D /* EveryDayTableViewCell.m in Sources */ = {isa = PBXBuildFile; fileRef = 1C3D5C4B1CA0EA710061D01D /* EveryDayTableViewCell.m */; };
		1C3D5C551CA0EA710061D01D /* ImageContentView.m in Sources */ = {isa = PBXBuildFile; fileRef = 1C3D5C4D1CA0EA710061D01D /* ImageContentView.m */; };
		1C3D5C561CA0EA710061D01D /* rilegouleView.m in Sources */ = {isa = PBXBuildFile; fileRef = 1C3D5C4F1CA0EA710061D01D /* rilegouleView.m */; };
		1C3D5C591CA0EEF20061D01D /* PlayViewController.m in Sources */ = {isa = PBXBuildFile; fileRef = 1C3D5C581CA0EEF20061D01D /* PlayViewController.m */; };
		1C52BA20200B82C700935F4C /* HistoryDetailController.m in Sources */ = {isa = PBXBuildFile; fileRef = 1C52BA1F200B82C700935F4C /* HistoryDetailController.m */; };
		1C52BA23200B84B300935F4C /* HistoryDetail.m in Sources */ = {isa = PBXBuildFile; fileRef = 1C52BA22200B84B300935F4C /* HistoryDetail.m */; };
		1C52BA28200B94E400935F4C /* HistoryCell.m in Sources */ = {isa = PBXBuildFile; fileRef = 1C52BA27200B94E400935F4C /* HistoryCell.m */; };
		1C52BA2A200B968100935F4C /* bg.jpg in Resources */ = {isa = PBXBuildFile; fileRef = 1C52BA29200B968100935F4C /* bg.jpg */; };
		1C52BA2D200B981800935F4C /* TodayHistoryController.m in Sources */ = {isa = PBXBuildFile; fileRef = 1C52BA2C200B981800935F4C /* TodayHistoryController.m */; };
		1C52BA2F200B9ADB00935F4C /* bg.png in Resources */ = {isa = PBXBuildFile; fileRef = 1C52BA2E200B9ADB00935F4C /* bg.png */; };
		1C57670B2008B6D300CA3771 /* YNetWorkManger.m in Sources */ = {isa = PBXBuildFile; fileRef = 1C57670A2008B6D300CA3771 /* YNetWorkManger.m */; };
		1C57670E2008C38100CA3771 /* HttpRequestFacade.m in Sources */ = {isa = PBXBuildFile; fileRef = 1C57670D2008C38100CA3771 /* HttpRequestFacade.m */; };
		1C5767122008D35000CA3771 /* History.m in Sources */ = {isa = PBXBuildFile; fileRef = 1C5767112008D35000CA3771 /* History.m */; };
		1C5767182008D83000CA3771 /* HistoryStore.m in Sources */ = {isa = PBXBuildFile; fileRef = 1C5767172008D83000CA3771 /* HistoryStore.m */; };
		1C58B3901C92A52A008A2571 /* main.m in Sources */ = {isa = PBXBuildFile; fileRef = 1C58B38F1C92A52A008A2571 /* main.m */; };
		1C58B3931C92A52A008A2571 /* AppDelegate.m in Sources */ = {isa = PBXBuildFile; fileRef = 1C58B3921C92A52A008A2571 /* AppDelegate.m */; };
		1C58B3961C92A52A008A2571 /* ViewController.m in Sources */ = {isa = PBXBuildFile; fileRef = 1C58B3951C92A52A008A2571 /* ViewController.m */; };
		1C58B3991C92A52A008A2571 /* Main.storyboard in Resources */ = {isa = PBXBuildFile; fileRef = 1C58B3971C92A52A008A2571 /* Main.storyboard */; };
		1C58B39B1C92A52A008A2571 /* Assets.xcassets in Resources */ = {isa = PBXBuildFile; fileRef = 1C58B39A1C92A52A008A2571 /* Assets.xcassets */; };
		1C58B39E1C92A52A008A2571 /* LaunchScreen.storyboard in Resources */ = {isa = PBXBuildFile; fileRef = 1C58B39C1C92A52A008A2571 /* LaunchScreen.storyboard */; };
		1C58B3B61C92AB53008A2571 /* FunJoyTabbar.m in Sources */ = {isa = PBXBuildFile; fileRef = 1C58B3B51C92AB53008A2571 /* FunJoyTabbar.m */; };
		1C58B3BD1C92AD8F008A2571 /* IndexViewController.m in Sources */ = {isa = PBXBuildFile; fileRef = 1C58B3BC1C92AD8F008A2571 /* IndexViewController.m */; };
		1C58B3C01C92ADA5008A2571 /* SecondViewController.m in Sources */ = {isa = PBXBuildFile; fileRef = 1C58B3BF1C92ADA5008A2571 /* SecondViewController.m */; };
		1C58B3C61C92ADCE008A2571 /* UserCenterViewController.m in Sources */ = {isa = PBXBuildFile; fileRef = 1C58B3C51C92ADCE008A2571 /* UserCenterViewController.m */; };
		1C58B3EB1C92AF03008A2571 /* NSNull+JSON.m in Sources */ = {isa = PBXBuildFile; fileRef = 1C58B3C91C92AF02008A2571 /* NSNull+JSON.m */; };
		1C58B3EC1C92AF03008A2571 /* NSString+stringPlus.m in Sources */ = {isa = PBXBuildFile; fileRef = 1C58B3CB1C92AF02008A2571 /* NSString+stringPlus.m */; };
		1C58B3ED1C92AF03008A2571 /* Toast+UIView.m in Sources */ = {isa = PBXBuildFile; fileRef = 1C58B3CD1C92AF02008A2571 /* Toast+UIView.m */; };
		1C58B3EE1C92AF03008A2571 /* UIImage+imagePlus.m in Sources */ = {isa = PBXBuildFile; fileRef = 1C58B3CF1C92AF02008A2571 /* UIImage+imagePlus.m */; };
		1C58B3EF1C92AF03008A2571 /* UILabel+Custom.m in Sources */ = {isa = PBXBuildFile; fileRef = 1C58B3D11C92AF03008A2571 /* UILabel+Custom.m */; };
		1C58B3F01C92AF03008A2571 /* UINavigationController+Autorotate.m in Sources */ = {isa = PBXBuildFile; fileRef = 1C58B3D31C92AF03008A2571 /* UINavigationController+Autorotate.m */; };
		1C58B3F11C92AF03008A2571 /* UIView+Custom.m in Sources */ = {isa = PBXBuildFile; fileRef = 1C58B3D51C92AF03008A2571 /* UIView+Custom.m */; };
		1C58B3F21C92AF03008A2571 /* UIView+KGViewExtend.m in Sources */ = {isa = PBXBuildFile; fileRef = 1C58B3D71C92AF03008A2571 /* UIView+KGViewExtend.m */; };
		1C58B3F31C92AF03008A2571 /* UIViewController+Custom.m in Sources */ = {isa = PBXBuildFile; fileRef = 1C58B3D91C92AF03008A2571 /* UIViewController+Custom.m */; };
		1C58B3F41C92AF03008A2571 /* ColorUtils.m in Sources */ = {isa = PBXBuildFile; fileRef = 1C58B3DC1C92AF03008A2571 /* ColorUtils.m */; };
		1C58B3F51C92AF03008A2571 /* DateUtils.m in Sources */ = {isa = PBXBuildFile; fileRef = 1C58B3DE1C92AF03008A2571 /* DateUtils.m */; };
		1C58B3F61C92AF03008A2571 /* DeviceUtils.m in Sources */ = {isa = PBXBuildFile; fileRef = 1C58B3E01C92AF03008A2571 /* DeviceUtils.m */; };
		1C58B3F71C92AF03008A2571 /* FunctionUtils.m in Sources */ = {isa = PBXBuildFile; fileRef = 1C58B3E21C92AF03008A2571 /* FunctionUtils.m */; };
		1C58B3F81C92AF03008A2571 /* ImageUtils.m in Sources */ = {isa = PBXBuildFile; fileRef = 1C58B3E41C92AF03008A2571 /* ImageUtils.m */; };
		1C58B3F91C92AF03008A2571 /* NSNumber+Utils.m in Sources */ = {isa = PBXBuildFile; fileRef = 1C58B3E61C92AF03008A2571 /* NSNumber+Utils.m */; };
		1C58B3FA1C92AF03008A2571 /* NSStringUtils.m in Sources */ = {isa = PBXBuildFile; fileRef = 1C58B3E81C92AF03008A2571 /* NSStringUtils.m */; };
		1C58B3FB1C92AF03008A2571 /* UIImage+utils.m in Sources */ = {isa = PBXBuildFile; fileRef = 1C58B3EA1C92AF03008A2571 /* UIImage+utils.m */; };
		1C58B4211C92AF4C008A2571 /* CommonItemTxt.m in Sources */ = {isa = PBXBuildFile; fileRef = 1C58B3FF1C92AF4C008A2571 /* CommonItemTxt.m */; };
		1C58B4221C92AF4C008A2571 /* Constant.m in Sources */ = {isa = PBXBuildFile; fileRef = 1C58B4011C92AF4C008A2571 /* Constant.m */; };
		1C58B4231C92AF4C008A2571 /* LBSUtils.m in Sources */ = {isa = PBXBuildFile; fileRef = 1C58B4031C92AF4C008A2571 /* LBSUtils.m */; };
		1C58B4241C92AF4C008A2571 /* Page.m in Sources */ = {isa = PBXBuildFile; fileRef = 1C58B4051C92AF4C008A2571 /* Page.m */; };
		1C58B4251C92AF4C008A2571 /* SortType.m in Sources */ = {isa = PBXBuildFile; fileRef = 1C58B4071C92AF4C008A2571 /* SortType.m */; };
		1C58B4261C92AF4C008A2571 /* TimeUtils.m in Sources */ = {isa = PBXBuildFile; fileRef = 1C58B4091C92AF4C008A2571 /* TimeUtils.m */; };
		1C58B4271C92AF4C008A2571 /* AppStatus.m in Sources */ = {isa = PBXBuildFile; fileRef = 1C58B40D1C92AF4C008A2571 /* AppStatus.m */; };
		1C58B4281C92AF4C008A2571 /* ExceptionMsg.m in Sources */ = {isa = PBXBuildFile; fileRef = 1C58B40F1C92AF4C008A2571 /* ExceptionMsg.m */; };
		1C58B4291C92AF4C008A2571 /* ExpertFilter.m in Sources */ = {isa = PBXBuildFile; fileRef = 1C58B4111C92AF4C008A2571 /* ExpertFilter.m */; };
		1C58B42A1C92AF4C008A2571 /* Notice.m in Sources */ = {isa = PBXBuildFile; fileRef = 1C58B4141C92AF4C008A2571 /* Notice.m */; };
		1C58B42B1C92AF4C008A2571 /* PushRecord.m in Sources */ = {isa = PBXBuildFile; fileRef = 1C58B4161C92AF4C008A2571 /* PushRecord.m */; };
		1C58B42C1C92AF4C008A2571 /* ServicePicture.m in Sources */ = {isa = PBXBuildFile; fileRef = 1C58B4181C92AF4C008A2571 /* ServicePicture.m */; };
		1C58B42D1C92AF4C008A2571 /* SessionMsg.m in Sources */ = {isa = PBXBuildFile; fileRef = 1C58B41A1C92AF4C008A2571 /* SessionMsg.m */; };
		1C58B42E1C92AF4C008A2571 /* Tag.m in Sources */ = {isa = PBXBuildFile; fileRef = 1C58B41C1C92AF4C008A2571 /* Tag.m */; };
		1C58B4301C92AF4C008A2571 /* User.m in Sources */ = {isa = PBXBuildFile; fileRef = 1C58B4201C92AF4C008A2571 /* User.m */; };
		1C58B4AF1C92AFE6008A2571 /* OpenUDID.m in Sources */ = {isa = PBXBuildFile; fileRef = 1C58B4651C92AFE6008A2571 /* OpenUDID.m */; settings = {COMPILER_FLAGS = "-fno-objc-arc"; }; };
		1C58B4B01C92AFE6008A2571 /* ChineseInclude.m in Sources */ = {isa = PBXBuildFile; fileRef = 1C58B4681C92AFE6008A2571 /* ChineseInclude.m */; };
		1C58B4B51C92AFE6008A2571 /* PinYinForObjc.m in Sources */ = {isa = PBXBuildFile; fileRef = 1C58B4721C92AFE6008A2571 /* PinYinForObjc.m */; };
		1C8B3909200C3CE100DFB393 /* PicUrlModel.m in Sources */ = {isa = PBXBuildFile; fileRef = 1C8B3908200C3CE100DFB393 /* PicUrlModel.m */; };
		1C8B390C200C6F6900DFB393 /* TopDateView.m in Sources */ = {isa = PBXBuildFile; fileRef = 1C8B390B200C6F6900DFB393 /* TopDateView.m */; };
		1C8B3910200CA73700DFB393 /* HFStretchableTableHeaderView.m in Sources */ = {isa = PBXBuildFile; fileRef = 1C8B390E200CA73700DFB393 /* HFStretchableTableHeaderView.m */; };
		1CDEBB4F1C96F384001BB462 /* DomobAdProcessor.m in Sources */ = {isa = PBXBuildFile; fileRef = 1CDEBB4E1C96F384001BB462 /* DomobAdProcessor.m */; };
		1CDEBB591C96F689001BB462 /* Default-568h@2x.png in Resources */ = {isa = PBXBuildFile; fileRef = 1CDEBB521C96F689001BB462 /* Default-568h@2x.png */; };
		1CDEBB5A1C96F689001BB462 /* Default-Landscape@2x~ipad.png in Resources */ = {isa = PBXBuildFile; fileRef = 1CDEBB531C96F689001BB462 /* Default-Landscape@2x~ipad.png */; };
		1CDEBB5B1C96F689001BB462 /* Default-Landscape~ipad.png in Resources */ = {isa = PBXBuildFile; fileRef = 1CDEBB541C96F689001BB462 /* Default-Landscape~ipad.png */; };
		1CDEBB5C1C96F689001BB462 /* Default-Portrait@2x~ipad.png in Resources */ = {isa = PBXBuildFile; fileRef = 1CDEBB551C96F689001BB462 /* Default-Portrait@2x~ipad.png */; };
		1CDEBB5D1C96F689001BB462 /* Default-Portrait~ipad.png in Resources */ = {isa = PBXBuildFile; fileRef = 1CDEBB561C96F689001BB462 /* Default-Portrait~ipad.png */; };
		1CDEBB5E1C96F689001BB462 /* Default.png in Resources */ = {isa = PBXBuildFile; fileRef = 1CDEBB571C96F689001BB462 /* Default.png */; };
		1CDEBB5F1C96F689001BB462 /* Default@2x.png in Resources */ = {isa = PBXBuildFile; fileRef = 1CDEBB581C96F689001BB462 /* Default@2x.png */; };
		1CDEBB761C96F838001BB462 /* DomobAdSDKBundle.bundle in Resources */ = {isa = PBXBuildFile; fileRef = 1CDEBB741C96F838001BB462 /* DomobAdSDKBundle.bundle */; };
		1CDEBB771C96F838001BB462 /* libDomobAdSDK.a in Frameworks */ = {isa = PBXBuildFile; fileRef = 1CDEBB751C96F838001BB462 /* libDomobAdSDK.a */; };
		1CDEBB791C96F8D7001BB462 /* CoreMedia.framework in Frameworks */ = {isa = PBXBuildFile; fileRef = 1CDEBB781C96F8D7001BB462 /* CoreMedia.framework */; };
		1CDEBB7B1C96F8E6001BB462 /* libz.tbd in Frameworks */ = {isa = PBXBuildFile; fileRef = 1CDEBB7A1C96F8E6001BB462 /* libz.tbd */; };
		1CDEBB7D1C96F8F8001BB462 /* libsqlite3.tbd in Frameworks */ = {isa = PBXBuildFile; fileRef = 1CDEBB7C1C96F8F8001BB462 /* libsqlite3.tbd */; };
		1CDEBB7F1C96F905001BB462 /* MediaPlayer.framework in Frameworks */ = {isa = PBXBuildFile; fileRef = 1CDEBB7E1C96F905001BB462 /* MediaPlayer.framework */; };
		1CDEBB811C96F912001BB462 /* QuartzCore.framework in Frameworks */ = {isa = PBXBuildFile; fileRef = 1CDEBB801C96F912001BB462 /* QuartzCore.framework */; };
		1CDEBB831C96F925001BB462 /* CoreText.framework in Frameworks */ = {isa = PBXBuildFile; fileRef = 1CDEBB821C96F925001BB462 /* CoreText.framework */; };
		1CDEBB851C96F940001BB462 /* CoreGraphics.framework in Frameworks */ = {isa = PBXBuildFile; fileRef = 1CDEBB841C96F93F001BB462 /* CoreGraphics.framework */; };
		1CDEBB871C96F959001BB462 /* StoreKit.framework in Frameworks */ = {isa = PBXBuildFile; fileRef = 1CDEBB861C96F959001BB462 /* StoreKit.framework */; };
		1CDEBB891C96F965001BB462 /* PassKit.framework in Frameworks */ = {isa = PBXBuildFile; fileRef = 1CDEBB881C96F965001BB462 /* PassKit.framework */; };
		1CDEBB8B1C96F976001BB462 /* Social.framework in Frameworks */ = {isa = PBXBuildFile; fileRef = 1CDEBB8A1C96F976001BB462 /* Social.framework */; };
		1CDEBB8D1C96F983001BB462 /* EventKit.framework in Frameworks */ = {isa = PBXBuildFile; fileRef = 1CDEBB8C1C96F983001BB462 /* EventKit.framework */; };
		1CDEBB8F1C96F98E001BB462 /* AVFoundation.framework in Frameworks */ = {isa = PBXBuildFile; fileRef = 1CDEBB8E1C96F98E001BB462 /* AVFoundation.framework */; };
		1CDEBB911C96F9A0001BB462 /* AudioToolbox.framework in Frameworks */ = {isa = PBXBuildFile; fileRef = 1CDEBB901C96F9A0001BB462 /* AudioToolbox.framework */; };
		1CDEBB931C96F9AD001BB462 /* SystemConfiguration.framework in Frameworks */ = {isa = PBXBuildFile; fileRef = 1CDEBB921C96F9AD001BB462 /* SystemConfiguration.framework */; };
		1CDEBB951C96F9B9001BB462 /* Foundation.framework in Frameworks */ = {isa = PBXBuildFile; fileRef = 1CDEBB941C96F9B9001BB462 /* Foundation.framework */; };
		1CDEBB971C96F9C8001BB462 /* UIKit.framework in Frameworks */ = {isa = PBXBuildFile; fileRef = 1CDEBB961C96F9C8001BB462 /* UIKit.framework */; };
		1CE544B51C97E3760062204E /* SIDADView.m in Sources */ = {isa = PBXBuildFile; fileRef = 1CE544B41C97E3760062204E /* SIDADView.m */; };
		1CE55C3E1C96C01700FFC7E9 /* NextViewController.m in Sources */ = {isa = PBXBuildFile; fileRef = 1CE55C3D1C96C01700FFC7E9 /* NextViewController.m */; };
		1CE55C411C96C1EE00FFC7E9 /* UINavigationController+FDFullscreenPopGesture.m in Sources */ = {isa = PBXBuildFile; fileRef = 1CE55C401C96C1EE00FFC7E9 /* UINavigationController+FDFullscreenPopGesture.m */; };
		1CE55C441C96C30D00FFC7E9 /* ForthViewController.m in Sources */ = {isa = PBXBuildFile; fileRef = 1CE55C431C96C30D00FFC7E9 /* ForthViewController.m */; };
		42DB9A8A9A594CB799E45C74 /* Pods_funjoy.framework in Frameworks */ = {isa = PBXBuildFile; fileRef = 334123488D2DB21C19875B3D /* Pods_funjoy.framework */; };
/* End PBXBuildFile section */

/* Begin PBXFileReference section */
		1BEB1E142EECA4EBF2A97BD2 /* Pods-funjoy.debug.xcconfig */ = {isa = PBXFileReference; includeInIndex = 1; lastKnownFileType = text.xcconfig; name = "Pods-funjoy.debug.xcconfig"; path = "Pods/Target Support Files/Pods-funjoy/Pods-funjoy.debug.xcconfig"; sourceTree = "<group>"; };
		1C3D5BFA1CA0E74C0061D01D /* BaseViewController.h */ = {isa = PBXFileReference; fileEncoding = 4; lastKnownFileType = sourcecode.c.h; path = BaseViewController.h; sourceTree = "<group>"; };
		1C3D5BFB1CA0E74C0061D01D /* BaseViewController.m */ = {isa = PBXFileReference; fileEncoding = 4; lastKnownFileType = sourcecode.c.objc; path = BaseViewController.m; sourceTree = "<group>"; };
		1C3D5C251CA0E8A10061D01D /* LORequestManger.h */ = {isa = PBXFileReference; fileEncoding = 4; lastKnownFileType = sourcecode.c.h; path = LORequestManger.h; sourceTree = "<group>"; };
		1C3D5C261CA0E8A10061D01D /* LORequestManger.m */ = {isa = PBXFileReference; fileEncoding = 4; lastKnownFileType = sourcecode.c.objc; path = LORequestManger.m; sourceTree = "<group>"; };
		1C3D5C3A1CA0E9C30061D01D /* EveryDayModel.h */ = {isa = PBXFileReference; fileEncoding = 4; lastKnownFileType = sourcecode.c.h; name = EveryDayModel.h; path = everyday/EveryDayModel.h; sourceTree = "<group>"; };
		1C3D5C3B1CA0E9C30061D01D /* EveryDayModel.m */ = {isa = PBXFileReference; fileEncoding = 4; lastKnownFileType = sourcecode.c.objc; name = EveryDayModel.m; path = everyday/EveryDayModel.m; sourceTree = "<group>"; };
		1C3D5C421CA0EA710061D01D /* BlurImageView.h */ = {isa = PBXFileReference; fileEncoding = 4; lastKnownFileType = sourcecode.c.h; name = BlurImageView.h; path = everydayvc/everydayView/BlurImageView.h; sourceTree = "<group>"; };
		1C3D5C431CA0EA710061D01D /* BlurImageView.m */ = {isa = PBXFileReference; fileEncoding = 4; lastKnownFileType = sourcecode.c.objc; name = BlurImageView.m; path = everydayvc/everydayView/BlurImageView.m; sourceTree = "<group>"; };
		1C3D5C441CA0EA710061D01D /* ContentScrollView.h */ = {isa = PBXFileReference; fileEncoding = 4; lastKnownFileType = sourcecode.c.h; name = ContentScrollView.h; path = everydayvc/everydayView/ContentScrollView.h; sourceTree = "<group>"; };
		1C3D5C451CA0EA710061D01D /* ContentScrollView.m */ = {isa = PBXFileReference; fileEncoding = 4; lastKnownFileType = sourcecode.c.objc; name = ContentScrollView.m; path = everydayvc/everydayView/ContentScrollView.m; sourceTree = "<group>"; };
		1C3D5C461CA0EA710061D01D /* ContentView.h */ = {isa = PBXFileReference; fileEncoding = 4; lastKnownFileType = sourcecode.c.h; name = ContentView.h; path = everydayvc/everydayView/ContentView.h; sourceTree = "<group>"; };
		1C3D5C471CA0EA710061D01D /* ContentView.m */ = {isa = PBXFileReference; fileEncoding = 4; lastKnownFileType = sourcecode.c.objc; name = ContentView.m; path = everydayvc/everydayView/ContentView.m; sourceTree = "<group>"; };
		1C3D5C481CA0EA710061D01D /* CustomView.h */ = {isa = PBXFileReference; fileEncoding = 4; lastKnownFileType = sourcecode.c.h; name = CustomView.h; path = everydayvc/everydayView/CustomView.h; sourceTree = "<group>"; };
		1C3D5C491CA0EA710061D01D /* CustomView.m */ = {isa = PBXFileReference; fileEncoding = 4; lastKnownFileType = sourcecode.c.objc; name = CustomView.m; path = everydayvc/everydayView/CustomView.m; sourceTree = "<group>"; };
		1C3D5C4A1CA0EA710061D01D /* EveryDayTableViewCell.h */ = {isa = PBXFileReference; fileEncoding = 4; lastKnownFileType = sourcecode.c.h; name = EveryDayTableViewCell.h; path = everydayvc/everydayView/EveryDayTableViewCell.h; sourceTree = "<group>"; };
		1C3D5C4B1CA0EA710061D01D /* EveryDayTableViewCell.m */ = {isa = PBXFileReference; fileEncoding = 4; lastKnownFileType = sourcecode.c.objc; name = EveryDayTableViewCell.m; path = everydayvc/everydayView/EveryDayTableViewCell.m; sourceTree = "<group>"; };
		1C3D5C4C1CA0EA710061D01D /* ImageContentView.h */ = {isa = PBXFileReference; fileEncoding = 4; lastKnownFileType = sourcecode.c.h; name = ImageContentView.h; path = everydayvc/everydayView/ImageContentView.h; sourceTree = "<group>"; };
		1C3D5C4D1CA0EA710061D01D /* ImageContentView.m */ = {isa = PBXFileReference; fileEncoding = 4; lastKnownFileType = sourcecode.c.objc; name = ImageContentView.m; path = everydayvc/everydayView/ImageContentView.m; sourceTree = "<group>"; };
		1C3D5C4E1CA0EA710061D01D /* rilegouleView.h */ = {isa = PBXFileReference; fileEncoding = 4; lastKnownFileType = sourcecode.c.h; name = rilegouleView.h; path = everydayvc/everydayView/rilegouleView.h; sourceTree = "<group>"; };
		1C3D5C4F1CA0EA710061D01D /* rilegouleView.m */ = {isa = PBXFileReference; fileEncoding = 4; lastKnownFileType = sourcecode.c.objc; name = rilegouleView.m; path = everydayvc/everydayView/rilegouleView.m; sourceTree = "<group>"; };
		1C3D5C571CA0EEF20061D01D /* PlayViewController.h */ = {isa = PBXFileReference; fileEncoding = 4; lastKnownFileType = sourcecode.c.h; name = PlayViewController.h; path = first/PlayViewController.h; sourceTree = "<group>"; };
		1C3D5C581CA0EEF20061D01D /* PlayViewController.m */ = {isa = PBXFileReference; fileEncoding = 4; lastKnownFileType = sourcecode.c.objc; name = PlayViewController.m; path = first/PlayViewController.m; sourceTree = "<group>"; };
		1C52BA1E200B82C700935F4C /* HistoryDetailController.h */ = {isa = PBXFileReference; lastKnownFileType = sourcecode.c.h; name = HistoryDetailController.h; path = third/HistoryDetailController.h; sourceTree = "<group>"; };
		1C52BA1F200B82C700935F4C /* HistoryDetailController.m */ = {isa = PBXFileReference; lastKnownFileType = sourcecode.c.objc; name = HistoryDetailController.m; path = third/HistoryDetailController.m; sourceTree = "<group>"; };
		1C52BA21200B84B300935F4C /* HistoryDetail.h */ = {isa = PBXFileReference; lastKnownFileType = sourcecode.c.h; path = HistoryDetail.h; sourceTree = "<group>"; };
		1C52BA22200B84B300935F4C /* HistoryDetail.m */ = {isa = PBXFileReference; lastKnownFileType = sourcecode.c.objc; path = HistoryDetail.m; sourceTree = "<group>"; };
		1C52BA26200B94E400935F4C /* HistoryCell.h */ = {isa = PBXFileReference; lastKnownFileType = sourcecode.c.h; path = HistoryCell.h; sourceTree = "<group>"; };
		1C52BA27200B94E400935F4C /* HistoryCell.m */ = {isa = PBXFileReference; lastKnownFileType = sourcecode.c.objc; path = HistoryCell.m; sourceTree = "<group>"; };
		1C52BA29200B968100935F4C /* bg.jpg */ = {isa = PBXFileReference; lastKnownFileType = image.jpeg; path = bg.jpg; sourceTree = "<group>"; };
		1C52BA2B200B981800935F4C /* TodayHistoryController.h */ = {isa = PBXFileReference; lastKnownFileType = sourcecode.c.h; name = TodayHistoryController.h; path = third/TodayHistoryController.h; sourceTree = "<group>"; };
		1C52BA2C200B981800935F4C /* TodayHistoryController.m */ = {isa = PBXFileReference; lastKnownFileType = sourcecode.c.objc; name = TodayHistoryController.m; path = third/TodayHistoryController.m; sourceTree = "<group>"; };
		1C52BA2E200B9ADB00935F4C /* bg.png */ = {isa = PBXFileReference; lastKnownFileType = image.png; path = bg.png; sourceTree = "<group>"; };
		1C5767092008B6D300CA3771 /* YNetWorkManger.h */ = {isa = PBXFileReference; lastKnownFileType = sourcecode.c.h; path = YNetWorkManger.h; sourceTree = "<group>"; };
		1C57670A2008B6D300CA3771 /* YNetWorkManger.m */ = {isa = PBXFileReference; lastKnownFileType = sourcecode.c.objc; path = YNetWorkManger.m; sourceTree = "<group>"; };
		1C57670C2008C38100CA3771 /* HttpRequestFacade.h */ = {isa = PBXFileReference; lastKnownFileType = sourcecode.c.h; path = HttpRequestFacade.h; sourceTree = "<group>"; };
		1C57670D2008C38100CA3771 /* HttpRequestFacade.m */ = {isa = PBXFileReference; lastKnownFileType = sourcecode.c.objc; path = HttpRequestFacade.m; sourceTree = "<group>"; };
		1C5767102008D35000CA3771 /* History.h */ = {isa = PBXFileReference; lastKnownFileType = sourcecode.c.h; path = History.h; sourceTree = "<group>"; };
		1C5767112008D35000CA3771 /* History.m */ = {isa = PBXFileReference; lastKnownFileType = sourcecode.c.objc; path = History.m; sourceTree = "<group>"; };
		1C5767162008D83000CA3771 /* HistoryStore.h */ = {isa = PBXFileReference; lastKnownFileType = sourcecode.c.h; path = HistoryStore.h; sourceTree = "<group>"; };
		1C5767172008D83000CA3771 /* HistoryStore.m */ = {isa = PBXFileReference; lastKnownFileType = sourcecode.c.objc; path = HistoryStore.m; sourceTree = "<group>"; };
		1C58B38B1C92A52A008A2571 /* funjoy.app */ = {isa = PBXFileReference; explicitFileType = wrapper.application; includeInIndex = 0; path = funjoy.app; sourceTree = BUILT_PRODUCTS_DIR; };
		1C58B38F1C92A52A008A2571 /* main.m */ = {isa = PBXFileReference; lastKnownFileType = sourcecode.c.objc; path = main.m; sourceTree = "<group>"; };
		1C58B3911C92A52A008A2571 /* AppDelegate.h */ = {isa = PBXFileReference; lastKnownFileType = sourcecode.c.h; path = AppDelegate.h; sourceTree = "<group>"; };
		1C58B3921C92A52A008A2571 /* AppDelegate.m */ = {isa = PBXFileReference; lastKnownFileType = sourcecode.c.objc; path = AppDelegate.m; sourceTree = "<group>"; };
		1C58B3941C92A52A008A2571 /* ViewController.h */ = {isa = PBXFileReference; lastKnownFileType = sourcecode.c.h; path = ViewController.h; sourceTree = "<group>"; };
		1C58B3951C92A52A008A2571 /* ViewController.m */ = {isa = PBXFileReference; lastKnownFileType = sourcecode.c.objc; path = ViewController.m; sourceTree = "<group>"; };
		1C58B3981C92A52A008A2571 /* Base */ = {isa = PBXFileReference; lastKnownFileType = file.storyboard; name = Base; path = Base.lproj/Main.storyboard; sourceTree = "<group>"; };
		1C58B39A1C92A52A008A2571 /* Assets.xcassets */ = {isa = PBXFileReference; lastKnownFileType = folder.assetcatalog; path = Assets.xcassets; sourceTree = "<group>"; };
		1C58B39D1C92A52A008A2571 /* Base */ = {isa = PBXFileReference; lastKnownFileType = file.storyboard; name = Base; path = Base.lproj/LaunchScreen.storyboard; sourceTree = "<group>"; };
		1C58B39F1C92A52A008A2571 /* Info.plist */ = {isa = PBXFileReference; lastKnownFileType = text.plist.xml; path = Info.plist; sourceTree = "<group>"; };
		1C58B3B41C92AB53008A2571 /* FunJoyTabbar.h */ = {isa = PBXFileReference; fileEncoding = 4; lastKnownFileType = sourcecode.c.h; path = FunJoyTabbar.h; sourceTree = "<group>"; };
		1C58B3B51C92AB53008A2571 /* FunJoyTabbar.m */ = {isa = PBXFileReference; fileEncoding = 4; lastKnownFileType = sourcecode.c.objc; path = FunJoyTabbar.m; sourceTree = "<group>"; };
		1C58B3BB1C92AD8F008A2571 /* IndexViewController.h */ = {isa = PBXFileReference; fileEncoding = 4; lastKnownFileType = sourcecode.c.h; name = IndexViewController.h; path = first/IndexViewController.h; sourceTree = "<group>"; };
		1C58B3BC1C92AD8F008A2571 /* IndexViewController.m */ = {isa = PBXFileReference; fileEncoding = 4; lastKnownFileType = sourcecode.c.objc; name = IndexViewController.m; path = first/IndexViewController.m; sourceTree = "<group>"; };
		1C58B3BE1C92ADA5008A2571 /* SecondViewController.h */ = {isa = PBXFileReference; fileEncoding = 4; lastKnownFileType = sourcecode.c.h; name = SecondViewController.h; path = second/SecondViewController.h; sourceTree = "<group>"; };
		1C58B3BF1C92ADA5008A2571 /* SecondViewController.m */ = {isa = PBXFileReference; fileEncoding = 4; lastKnownFileType = sourcecode.c.objc; name = SecondViewController.m; path = second/SecondViewController.m; sourceTree = "<group>"; };
		1C58B3C41C92ADCE008A2571 /* UserCenterViewController.h */ = {isa = PBXFileReference; fileEncoding = 4; lastKnownFileType = sourcecode.c.h; name = UserCenterViewController.h; path = user/UserCenterViewController.h; sourceTree = "<group>"; };
		1C58B3C51C92ADCE008A2571 /* UserCenterViewController.m */ = {isa = PBXFileReference; fileEncoding = 4; lastKnownFileType = sourcecode.c.objc; name = UserCenterViewController.m; path = user/UserCenterViewController.m; sourceTree = "<group>"; };
		1C58B3C81C92AF02008A2571 /* NSNull+JSON.h */ = {isa = PBXFileReference; fileEncoding = 4; lastKnownFileType = sourcecode.c.h; path = "NSNull+JSON.h"; sourceTree = "<group>"; };
		1C58B3C91C92AF02008A2571 /* NSNull+JSON.m */ = {isa = PBXFileReference; fileEncoding = 4; lastKnownFileType = sourcecode.c.objc; path = "NSNull+JSON.m"; sourceTree = "<group>"; };
		1C58B3CA1C92AF02008A2571 /* NSString+stringPlus.h */ = {isa = PBXFileReference; fileEncoding = 4; lastKnownFileType = sourcecode.c.h; path = "NSString+stringPlus.h"; sourceTree = "<group>"; };
		1C58B3CB1C92AF02008A2571 /* NSString+stringPlus.m */ = {isa = PBXFileReference; fileEncoding = 4; lastKnownFileType = sourcecode.c.objc; path = "NSString+stringPlus.m"; sourceTree = "<group>"; };
		1C58B3CC1C92AF02008A2571 /* Toast+UIView.h */ = {isa = PBXFileReference; fileEncoding = 4; lastKnownFileType = sourcecode.c.h; path = "Toast+UIView.h"; sourceTree = "<group>"; };
		1C58B3CD1C92AF02008A2571 /* Toast+UIView.m */ = {isa = PBXFileReference; fileEncoding = 4; lastKnownFileType = sourcecode.c.objc; path = "Toast+UIView.m"; sourceTree = "<group>"; };
		1C58B3CE1C92AF02008A2571 /* UIImage+imagePlus.h */ = {isa = PBXFileReference; fileEncoding = 4; lastKnownFileType = sourcecode.c.h; path = "UIImage+imagePlus.h"; sourceTree = "<group>"; };
		1C58B3CF1C92AF02008A2571 /* UIImage+imagePlus.m */ = {isa = PBXFileReference; fileEncoding = 4; lastKnownFileType = sourcecode.c.objc; path = "UIImage+imagePlus.m"; sourceTree = "<group>"; };
		1C58B3D01C92AF02008A2571 /* UILabel+Custom.h */ = {isa = PBXFileReference; fileEncoding = 4; lastKnownFileType = sourcecode.c.h; path = "UILabel+Custom.h"; sourceTree = "<group>"; };
		1C58B3D11C92AF03008A2571 /* UILabel+Custom.m */ = {isa = PBXFileReference; fileEncoding = 4; lastKnownFileType = sourcecode.c.objc; path = "UILabel+Custom.m"; sourceTree = "<group>"; };
		1C58B3D21C92AF03008A2571 /* UINavigationController+Autorotate.h */ = {isa = PBXFileReference; fileEncoding = 4; lastKnownFileType = sourcecode.c.h; path = "UINavigationController+Autorotate.h"; sourceTree = "<group>"; };
		1C58B3D31C92AF03008A2571 /* UINavigationController+Autorotate.m */ = {isa = PBXFileReference; fileEncoding = 4; lastKnownFileType = sourcecode.c.objc; path = "UINavigationController+Autorotate.m"; sourceTree = "<group>"; };
		1C58B3D41C92AF03008A2571 /* UIView+Custom.h */ = {isa = PBXFileReference; fileEncoding = 4; lastKnownFileType = sourcecode.c.h; path = "UIView+Custom.h"; sourceTree = "<group>"; };
		1C58B3D51C92AF03008A2571 /* UIView+Custom.m */ = {isa = PBXFileReference; fileEncoding = 4; lastKnownFileType = sourcecode.c.objc; path = "UIView+Custom.m"; sourceTree = "<group>"; };
		1C58B3D61C92AF03008A2571 /* UIView+KGViewExtend.h */ = {isa = PBXFileReference; fileEncoding = 4; lastKnownFileType = sourcecode.c.h; path = "UIView+KGViewExtend.h"; sourceTree = "<group>"; };
		1C58B3D71C92AF03008A2571 /* UIView+KGViewExtend.m */ = {isa = PBXFileReference; fileEncoding = 4; lastKnownFileType = sourcecode.c.objc; path = "UIView+KGViewExtend.m"; sourceTree = "<group>"; };
		1C58B3D81C92AF03008A2571 /* UIViewController+Custom.h */ = {isa = PBXFileReference; fileEncoding = 4; lastKnownFileType = sourcecode.c.h; path = "UIViewController+Custom.h"; sourceTree = "<group>"; };
		1C58B3D91C92AF03008A2571 /* UIViewController+Custom.m */ = {isa = PBXFileReference; fileEncoding = 4; lastKnownFileType = sourcecode.c.objc; path = "UIViewController+Custom.m"; sourceTree = "<group>"; };
		1C58B3DB1C92AF03008A2571 /* ColorUtils.h */ = {isa = PBXFileReference; fileEncoding = 4; lastKnownFileType = sourcecode.c.h; path = ColorUtils.h; sourceTree = "<group>"; };
		1C58B3DC1C92AF03008A2571 /* ColorUtils.m */ = {isa = PBXFileReference; fileEncoding = 4; lastKnownFileType = sourcecode.c.objc; path = ColorUtils.m; sourceTree = "<group>"; };
		1C58B3DD1C92AF03008A2571 /* DateUtils.h */ = {isa = PBXFileReference; fileEncoding = 4; lastKnownFileType = sourcecode.c.h; path = DateUtils.h; sourceTree = "<group>"; };
		1C58B3DE1C92AF03008A2571 /* DateUtils.m */ = {isa = PBXFileReference; fileEncoding = 4; lastKnownFileType = sourcecode.c.objc; path = DateUtils.m; sourceTree = "<group>"; };
		1C58B3DF1C92AF03008A2571 /* DeviceUtils.h */ = {isa = PBXFileReference; fileEncoding = 4; lastKnownFileType = sourcecode.c.h; path = DeviceUtils.h; sourceTree = "<group>"; };
		1C58B3E01C92AF03008A2571 /* DeviceUtils.m */ = {isa = PBXFileReference; fileEncoding = 4; lastKnownFileType = sourcecode.c.objc; path = DeviceUtils.m; sourceTree = "<group>"; };
		1C58B3E11C92AF03008A2571 /* FunctionUtils.h */ = {isa = PBXFileReference; fileEncoding = 4; lastKnownFileType = sourcecode.c.h; path = FunctionUtils.h; sourceTree = "<group>"; };
		1C58B3E21C92AF03008A2571 /* FunctionUtils.m */ = {isa = PBXFileReference; fileEncoding = 4; lastKnownFileType = sourcecode.c.objc; path = FunctionUtils.m; sourceTree = "<group>"; };
		1C58B3E31C92AF03008A2571 /* ImageUtils.h */ = {isa = PBXFileReference; fileEncoding = 4; lastKnownFileType = sourcecode.c.h; path = ImageUtils.h; sourceTree = "<group>"; };
		1C58B3E41C92AF03008A2571 /* ImageUtils.m */ = {isa = PBXFileReference; fileEncoding = 4; lastKnownFileType = sourcecode.c.objc; path = ImageUtils.m; sourceTree = "<group>"; };
		1C58B3E51C92AF03008A2571 /* NSNumber+Utils.h */ = {isa = PBXFileReference; fileEncoding = 4; lastKnownFileType = sourcecode.c.h; path = "NSNumber+Utils.h"; sourceTree = "<group>"; };
		1C58B3E61C92AF03008A2571 /* NSNumber+Utils.m */ = {isa = PBXFileReference; fileEncoding = 4; lastKnownFileType = sourcecode.c.objc; path = "NSNumber+Utils.m"; sourceTree = "<group>"; };
		1C58B3E71C92AF03008A2571 /* NSStringUtils.h */ = {isa = PBXFileReference; fileEncoding = 4; lastKnownFileType = sourcecode.c.h; path = NSStringUtils.h; sourceTree = "<group>"; };
		1C58B3E81C92AF03008A2571 /* NSStringUtils.m */ = {isa = PBXFileReference; fileEncoding = 4; lastKnownFileType = sourcecode.c.objc; path = NSStringUtils.m; sourceTree = "<group>"; };
		1C58B3E91C92AF03008A2571 /* UIImage+utils.h */ = {isa = PBXFileReference; fileEncoding = 4; lastKnownFileType = sourcecode.c.h; path = "UIImage+utils.h"; sourceTree = "<group>"; };
		1C58B3EA1C92AF03008A2571 /* UIImage+utils.m */ = {isa = PBXFileReference; fileEncoding = 4; lastKnownFileType = sourcecode.c.objc; path = "UIImage+utils.m"; sourceTree = "<group>"; };
		1C58B3FE1C92AF4C008A2571 /* CommonItemTxt.h */ = {isa = PBXFileReference; fileEncoding = 4; lastKnownFileType = sourcecode.c.h; path = CommonItemTxt.h; sourceTree = "<group>"; };
		1C58B3FF1C92AF4C008A2571 /* CommonItemTxt.m */ = {isa = PBXFileReference; fileEncoding = 4; lastKnownFileType = sourcecode.c.objc; path = CommonItemTxt.m; sourceTree = "<group>"; };
		1C58B4001C92AF4C008A2571 /* Constant.h */ = {isa = PBXFileReference; fileEncoding = 4; lastKnownFileType = sourcecode.c.h; path = Constant.h; sourceTree = "<group>"; };
		1C58B4011C92AF4C008A2571 /* Constant.m */ = {isa = PBXFileReference; fileEncoding = 4; lastKnownFileType = sourcecode.c.objc; path = Constant.m; sourceTree = "<group>"; };
		1C58B4021C92AF4C008A2571 /* LBSUtils.h */ = {isa = PBXFileReference; fileEncoding = 4; lastKnownFileType = sourcecode.c.h; path = LBSUtils.h; sourceTree = "<group>"; };
		1C58B4031C92AF4C008A2571 /* LBSUtils.m */ = {isa = PBXFileReference; fileEncoding = 4; lastKnownFileType = sourcecode.c.objc; path = LBSUtils.m; sourceTree = "<group>"; };
		1C58B4041C92AF4C008A2571 /* Page.h */ = {isa = PBXFileReference; fileEncoding = 4; lastKnownFileType = sourcecode.c.h; path = Page.h; sourceTree = "<group>"; };
		1C58B4051C92AF4C008A2571 /* Page.m */ = {isa = PBXFileReference; fileEncoding = 4; lastKnownFileType = sourcecode.c.objc; path = Page.m; sourceTree = "<group>"; };
		1C58B4061C92AF4C008A2571 /* SortType.h */ = {isa = PBXFileReference; fileEncoding = 4; lastKnownFileType = sourcecode.c.h; path = SortType.h; sourceTree = "<group>"; };
		1C58B4071C92AF4C008A2571 /* SortType.m */ = {isa = PBXFileReference; fileEncoding = 4; lastKnownFileType = sourcecode.c.objc; path = SortType.m; sourceTree = "<group>"; };
		1C58B4081C92AF4C008A2571 /* TimeUtils.h */ = {isa = PBXFileReference; fileEncoding = 4; lastKnownFileType = sourcecode.c.h; path = TimeUtils.h; sourceTree = "<group>"; };
		1C58B4091C92AF4C008A2571 /* TimeUtils.m */ = {isa = PBXFileReference; fileEncoding = 4; lastKnownFileType = sourcecode.c.objc; path = TimeUtils.m; sourceTree = "<group>"; };
		1C58B40B1C92AF4C008A2571 /* AppActiveScene.h */ = {isa = PBXFileReference; fileEncoding = 4; lastKnownFileType = sourcecode.c.h; path = AppActiveScene.h; sourceTree = "<group>"; };
		1C58B40C1C92AF4C008A2571 /* AppStatus.h */ = {isa = PBXFileReference; fileEncoding = 4; lastKnownFileType = sourcecode.c.h; path = AppStatus.h; sourceTree = "<group>"; };
		1C58B40D1C92AF4C008A2571 /* AppStatus.m */ = {isa = PBXFileReference; fileEncoding = 4; lastKnownFileType = sourcecode.c.objc; path = AppStatus.m; sourceTree = "<group>"; };
		1C58B40E1C92AF4C008A2571 /* ExceptionMsg.h */ = {isa = PBXFileReference; fileEncoding = 4; lastKnownFileType = sourcecode.c.h; path = ExceptionMsg.h; sourceTree = "<group>"; };
		1C58B40F1C92AF4C008A2571 /* ExceptionMsg.m */ = {isa = PBXFileReference; fileEncoding = 4; lastKnownFileType = sourcecode.c.objc; path = ExceptionMsg.m; sourceTree = "<group>"; };
		1C58B4101C92AF4C008A2571 /* ExpertFilter.h */ = {isa = PBXFileReference; fileEncoding = 4; lastKnownFileType = sourcecode.c.h; path = ExpertFilter.h; sourceTree = "<group>"; };
		1C58B4111C92AF4C008A2571 /* ExpertFilter.m */ = {isa = PBXFileReference; fileEncoding = 4; lastKnownFileType = sourcecode.c.objc; path = ExpertFilter.m; sourceTree = "<group>"; };
		1C58B4121C92AF4C008A2571 /* JSONSerializable.h */ = {isa = PBXFileReference; fileEncoding = 4; lastKnownFileType = sourcecode.c.h; path = JSONSerializable.h; sourceTree = "<group>"; };
		1C58B4131C92AF4C008A2571 /* Notice.h */ = {isa = PBXFileReference; fileEncoding = 4; lastKnownFileType = sourcecode.c.h; path = Notice.h; sourceTree = "<group>"; };
		1C58B4141C92AF4C008A2571 /* Notice.m */ = {isa = PBXFileReference; fileEncoding = 4; lastKnownFileType = sourcecode.c.objc; path = Notice.m; sourceTree = "<group>"; };
		1C58B4151C92AF4C008A2571 /* PushRecord.h */ = {isa = PBXFileReference; fileEncoding = 4; lastKnownFileType = sourcecode.c.h; path = PushRecord.h; sourceTree = "<group>"; };
		1C58B4161C92AF4C008A2571 /* PushRecord.m */ = {isa = PBXFileReference; fileEncoding = 4; lastKnownFileType = sourcecode.c.objc; path = PushRecord.m; sourceTree = "<group>"; };
		1C58B4171C92AF4C008A2571 /* ServicePicture.h */ = {isa = PBXFileReference; fileEncoding = 4; lastKnownFileType = sourcecode.c.h; path = ServicePicture.h; sourceTree = "<group>"; };
		1C58B4181C92AF4C008A2571 /* ServicePicture.m */ = {isa = PBXFileReference; fileEncoding = 4; lastKnownFileType = sourcecode.c.objc; path = ServicePicture.m; sourceTree = "<group>"; };
		1C58B4191C92AF4C008A2571 /* SessionMsg.h */ = {isa = PBXFileReference; fileEncoding = 4; lastKnownFileType = sourcecode.c.h; path = SessionMsg.h; sourceTree = "<group>"; };
		1C58B41A1C92AF4C008A2571 /* SessionMsg.m */ = {isa = PBXFileReference; fileEncoding = 4; lastKnownFileType = sourcecode.c.objc; path = SessionMsg.m; sourceTree = "<group>"; };
		1C58B41B1C92AF4C008A2571 /* Tag.h */ = {isa = PBXFileReference; fileEncoding = 4; lastKnownFileType = sourcecode.c.h; path = Tag.h; sourceTree = "<group>"; };
		1C58B41C1C92AF4C008A2571 /* Tag.m */ = {isa = PBXFileReference; fileEncoding = 4; lastKnownFileType = sourcecode.c.objc; path = Tag.m; sourceTree = "<group>"; };
		1C58B41F1C92AF4C008A2571 /* User.h */ = {isa = PBXFileReference; fileEncoding = 4; lastKnownFileType = sourcecode.c.h; path = User.h; sourceTree = "<group>"; };
		1C58B4201C92AF4C008A2571 /* User.m */ = {isa = PBXFileReference; fileEncoding = 4; lastKnownFileType = sourcecode.c.objc; path = User.m; sourceTree = "<group>"; };
		1C58B4641C92AFE6008A2571 /* OpenUDID.h */ = {isa = PBXFileReference; fileEncoding = 4; lastKnownFileType = sourcecode.c.h; path = OpenUDID.h; sourceTree = "<group>"; };
		1C58B4651C92AFE6008A2571 /* OpenUDID.m */ = {isa = PBXFileReference; fileEncoding = 4; lastKnownFileType = sourcecode.c.objc; path = OpenUDID.m; sourceTree = "<group>"; };
		1C58B4671C92AFE6008A2571 /* ChineseInclude.h */ = {isa = PBXFileReference; fileEncoding = 4; lastKnownFileType = sourcecode.c.h; path = ChineseInclude.h; sourceTree = "<group>"; };
		1C58B4681C92AFE6008A2571 /* ChineseInclude.m */ = {isa = PBXFileReference; fileEncoding = 4; lastKnownFileType = sourcecode.c.objc; path = ChineseInclude.m; sourceTree = "<group>"; };
		1C58B4711C92AFE6008A2571 /* PinYinForObjc.h */ = {isa = PBXFileReference; fileEncoding = 4; lastKnownFileType = sourcecode.c.h; path = PinYinForObjc.h; sourceTree = "<group>"; };
		1C58B4721C92AFE6008A2571 /* PinYinForObjc.m */ = {isa = PBXFileReference; fileEncoding = 4; lastKnownFileType = sourcecode.c.objc; path = PinYinForObjc.m; sourceTree = "<group>"; };
		1C58B4CD1C92B27D008A2571 /* funjoy-Prefix.pch */ = {isa = PBXFileReference; lastKnownFileType = sourcecode.c.h; path = "funjoy-Prefix.pch"; sourceTree = "<group>"; };
		1C8B3907200C3CE100DFB393 /* PicUrlModel.h */ = {isa = PBXFileReference; lastKnownFileType = sourcecode.c.h; path = PicUrlModel.h; sourceTree = "<group>"; };
		1C8B3908200C3CE100DFB393 /* PicUrlModel.m */ = {isa = PBXFileReference; lastKnownFileType = sourcecode.c.objc; path = PicUrlModel.m; sourceTree = "<group>"; };
		1C8B390A200C6F6900DFB393 /* TopDateView.h */ = {isa = PBXFileReference; lastKnownFileType = sourcecode.c.h; path = TopDateView.h; sourceTree = "<group>"; };
		1C8B390B200C6F6900DFB393 /* TopDateView.m */ = {isa = PBXFileReference; lastKnownFileType = sourcecode.c.objc; path = TopDateView.m; sourceTree = "<group>"; };
		1C8B390E200CA73700DFB393 /* HFStretchableTableHeaderView.m */ = {isa = PBXFileReference; fileEncoding = 4; lastKnownFileType = sourcecode.c.objc; path = HFStretchableTableHeaderView.m; sourceTree = "<group>"; };
		1C8B390F200CA73700DFB393 /* HFStretchableTableHeaderView.h */ = {isa = PBXFileReference; fileEncoding = 4; lastKnownFileType = sourcecode.c.h; path = HFStretchableTableHeaderView.h; sourceTree = "<group>"; };
		1CDEBB4D1C96F384001BB462 /* DomobAdProcessor.h */ = {isa = PBXFileReference; fileEncoding = 4; lastKnownFileType = sourcecode.c.h; name = DomobAdProcessor.h; path = processor/DomobAdProcessor.h; sourceTree = "<group>"; };
		1CDEBB4E1C96F384001BB462 /* DomobAdProcessor.m */ = {isa = PBXFileReference; fileEncoding = 4; lastKnownFileType = sourcecode.c.objc; name = DomobAdProcessor.m; path = processor/DomobAdProcessor.m; sourceTree = "<group>"; };
		1CDEBB521C96F689001BB462 /* Default-568h@2x.png */ = {isa = PBXFileReference; lastKnownFileType = image.png; path = "Default-568h@2x.png"; sourceTree = "<group>"; };
		1CDEBB531C96F689001BB462 /* Default-Landscape@2x~ipad.png */ = {isa = PBXFileReference; lastKnownFileType = image.png; path = "Default-Landscape@2x~ipad.png"; sourceTree = "<group>"; };
		1CDEBB541C96F689001BB462 /* Default-Landscape~ipad.png */ = {isa = PBXFileReference; lastKnownFileType = image.png; path = "Default-Landscape~ipad.png"; sourceTree = "<group>"; };
		1CDEBB551C96F689001BB462 /* Default-Portrait@2x~ipad.png */ = {isa = PBXFileReference; lastKnownFileType = image.png; path = "Default-Portrait@2x~ipad.png"; sourceTree = "<group>"; };
		1CDEBB561C96F689001BB462 /* Default-Portrait~ipad.png */ = {isa = PBXFileReference; lastKnownFileType = image.png; path = "Default-Portrait~ipad.png"; sourceTree = "<group>"; };
		1CDEBB571C96F689001BB462 /* Default.png */ = {isa = PBXFileReference; lastKnownFileType = image.png; path = Default.png; sourceTree = "<group>"; };
		1CDEBB581C96F689001BB462 /* Default@2x.png */ = {isa = PBXFileReference; lastKnownFileType = image.png; path = "Default@2x.png"; sourceTree = "<group>"; };
		1CDEBB6D1C96F838001BB462 /* DMAdView.h */ = {isa = PBXFileReference; fileEncoding = 4; lastKnownFileType = sourcecode.c.h; path = DMAdView.h; sourceTree = "<group>"; };
		1CDEBB6E1C96F838001BB462 /* DMFeedsAdView.h */ = {isa = PBXFileReference; fileEncoding = 4; lastKnownFileType = sourcecode.c.h; path = DMFeedsAdView.h; sourceTree = "<group>"; };
		1CDEBB6F1C96F838001BB462 /* DMInterstitialAdController.h */ = {isa = PBXFileReference; fileEncoding = 4; lastKnownFileType = sourcecode.c.h; path = DMInterstitialAdController.h; sourceTree = "<group>"; };
		1CDEBB701C96F838001BB462 /* DMRTSplashAdController.h */ = {isa = PBXFileReference; fileEncoding = 4; lastKnownFileType = sourcecode.c.h; path = DMRTSplashAdController.h; sourceTree = "<group>"; };
		1CDEBB711C96F838001BB462 /* DMSplashAdController.h */ = {isa = PBXFileReference; fileEncoding = 4; lastKnownFileType = sourcecode.c.h; path = DMSplashAdController.h; sourceTree = "<group>"; };
		1CDEBB721C96F838001BB462 /* DMTools.h */ = {isa = PBXFileReference; fileEncoding = 4; lastKnownFileType = sourcecode.c.h; path = DMTools.h; sourceTree = "<group>"; };
		1CDEBB741C96F838001BB462 /* DomobAdSDKBundle.bundle */ = {isa = PBXFileReference; lastKnownFileType = "wrapper.plug-in"; path = DomobAdSDKBundle.bundle; sourceTree = "<group>"; };
		1CDEBB751C96F838001BB462 /* libDomobAdSDK.a */ = {isa = PBXFileReference; lastKnownFileType = archive.ar; path = libDomobAdSDK.a; sourceTree = "<group>"; };
		1CDEBB781C96F8D7001BB462 /* CoreMedia.framework */ = {isa = PBXFileReference; lastKnownFileType = wrapper.framework; name = CoreMedia.framework; path = System/Library/Frameworks/CoreMedia.framework; sourceTree = SDKROOT; };
		1CDEBB7A1C96F8E6001BB462 /* libz.tbd */ = {isa = PBXFileReference; lastKnownFileType = "sourcecode.text-based-dylib-definition"; name = libz.tbd; path = usr/lib/libz.tbd; sourceTree = SDKROOT; };
		1CDEBB7C1C96F8F8001BB462 /* libsqlite3.tbd */ = {isa = PBXFileReference; lastKnownFileType = "sourcecode.text-based-dylib-definition"; name = libsqlite3.tbd; path = usr/lib/libsqlite3.tbd; sourceTree = SDKROOT; };
		1CDEBB7E1C96F905001BB462 /* MediaPlayer.framework */ = {isa = PBXFileReference; lastKnownFileType = wrapper.framework; name = MediaPlayer.framework; path = System/Library/Frameworks/MediaPlayer.framework; sourceTree = SDKROOT; };
		1CDEBB801C96F912001BB462 /* QuartzCore.framework */ = {isa = PBXFileReference; lastKnownFileType = wrapper.framework; name = QuartzCore.framework; path = System/Library/Frameworks/QuartzCore.framework; sourceTree = SDKROOT; };
		1CDEBB821C96F925001BB462 /* CoreText.framework */ = {isa = PBXFileReference; lastKnownFileType = wrapper.framework; name = CoreText.framework; path = System/Library/Frameworks/CoreText.framework; sourceTree = SDKROOT; };
		1CDEBB841C96F93F001BB462 /* CoreGraphics.framework */ = {isa = PBXFileReference; lastKnownFileType = wrapper.framework; name = CoreGraphics.framework; path = System/Library/Frameworks/CoreGraphics.framework; sourceTree = SDKROOT; };
		1CDEBB861C96F959001BB462 /* StoreKit.framework */ = {isa = PBXFileReference; lastKnownFileType = wrapper.framework; name = StoreKit.framework; path = System/Library/Frameworks/StoreKit.framework; sourceTree = SDKROOT; };
		1CDEBB881C96F965001BB462 /* PassKit.framework */ = {isa = PBXFileReference; lastKnownFileType = wrapper.framework; name = PassKit.framework; path = System/Library/Frameworks/PassKit.framework; sourceTree = SDKROOT; };
		1CDEBB8A1C96F976001BB462 /* Social.framework */ = {isa = PBXFileReference; lastKnownFileType = wrapper.framework; name = Social.framework; path = System/Library/Frameworks/Social.framework; sourceTree = SDKROOT; };
		1CDEBB8C1C96F983001BB462 /* EventKit.framework */ = {isa = PBXFileReference; lastKnownFileType = wrapper.framework; name = EventKit.framework; path = System/Library/Frameworks/EventKit.framework; sourceTree = SDKROOT; };
		1CDEBB8E1C96F98E001BB462 /* AVFoundation.framework */ = {isa = PBXFileReference; lastKnownFileType = wrapper.framework; name = AVFoundation.framework; path = System/Library/Frameworks/AVFoundation.framework; sourceTree = SDKROOT; };
		1CDEBB901C96F9A0001BB462 /* AudioToolbox.framework */ = {isa = PBXFileReference; lastKnownFileType = wrapper.framework; name = AudioToolbox.framework; path = System/Library/Frameworks/AudioToolbox.framework; sourceTree = SDKROOT; };
		1CDEBB921C96F9AD001BB462 /* SystemConfiguration.framework */ = {isa = PBXFileReference; lastKnownFileType = wrapper.framework; name = SystemConfiguration.framework; path = System/Library/Frameworks/SystemConfiguration.framework; sourceTree = SDKROOT; };
		1CDEBB941C96F9B9001BB462 /* Foundation.framework */ = {isa = PBXFileReference; lastKnownFileType = wrapper.framework; name = Foundation.framework; path = System/Library/Frameworks/Foundation.framework; sourceTree = SDKROOT; };
		1CDEBB961C96F9C8001BB462 /* UIKit.framework */ = {isa = PBXFileReference; lastKnownFileType = wrapper.framework; name = UIKit.framework; path = System/Library/Frameworks/UIKit.framework; sourceTree = SDKROOT; };
		1CE544B31C97E3760062204E /* SIDADView.h */ = {isa = PBXFileReference; fileEncoding = 4; lastKnownFileType = sourcecode.c.h; path = SIDADView.h; sourceTree = "<group>"; };
		1CE544B41C97E3760062204E /* SIDADView.m */ = {isa = PBXFileReference; fileEncoding = 4; lastKnownFileType = sourcecode.c.objc; path = SIDADView.m; sourceTree = "<group>"; };
		1CE55C3C1C96C01700FFC7E9 /* NextViewController.h */ = {isa = PBXFileReference; fileEncoding = 4; lastKnownFileType = sourcecode.c.h; name = NextViewController.h; path = first/NextViewController.h; sourceTree = "<group>"; };
		1CE55C3D1C96C01700FFC7E9 /* NextViewController.m */ = {isa = PBXFileReference; fileEncoding = 4; lastKnownFileType = sourcecode.c.objc; name = NextViewController.m; path = first/NextViewController.m; sourceTree = "<group>"; };
		1CE55C3F1C96C1EE00FFC7E9 /* UINavigationController+FDFullscreenPopGesture.h */ = {isa = PBXFileReference; fileEncoding = 4; lastKnownFileType = sourcecode.c.h; path = "UINavigationController+FDFullscreenPopGesture.h"; sourceTree = "<group>"; };
		1CE55C401C96C1EE00FFC7E9 /* UINavigationController+FDFullscreenPopGesture.m */ = {isa = PBXFileReference; fileEncoding = 4; lastKnownFileType = sourcecode.c.objc; path = "UINavigationController+FDFullscreenPopGesture.m"; sourceTree = "<group>"; };
		1CE55C421C96C30D00FFC7E9 /* ForthViewController.h */ = {isa = PBXFileReference; fileEncoding = 4; lastKnownFileType = sourcecode.c.h; name = ForthViewController.h; path = first/ForthViewController.h; sourceTree = "<group>"; };
		1CE55C431C96C30D00FFC7E9 /* ForthViewController.m */ = {isa = PBXFileReference; fileEncoding = 4; lastKnownFileType = sourcecode.c.objc; name = ForthViewController.m; path = first/ForthViewController.m; sourceTree = "<group>"; };
		334123488D2DB21C19875B3D /* Pods_funjoy.framework */ = {isa = PBXFileReference; explicitFileType = wrapper.framework; includeInIndex = 0; path = Pods_funjoy.framework; sourceTree = BUILT_PRODUCTS_DIR; };
		9F10FEFB336D1395B9773F69 /* Pods-funjoy.release.xcconfig */ = {isa = PBXFileReference; includeInIndex = 1; lastKnownFileType = text.xcconfig; name = "Pods-funjoy.release.xcconfig"; path = "Pods/Target Support Files/Pods-funjoy/Pods-funjoy.release.xcconfig"; sourceTree = "<group>"; };
/* End PBXFileReference section */

/* Begin PBXFrameworksBuildPhase section */
		1C58B3881C92A52A008A2571 /* Frameworks */ = {
			isa = PBXFrameworksBuildPhase;
			buildActionMask = 2147483647;
			files = (
				1CDEBB971C96F9C8001BB462 /* UIKit.framework in Frameworks */,
				1CDEBB951C96F9B9001BB462 /* Foundation.framework in Frameworks */,
				1CDEBB931C96F9AD001BB462 /* SystemConfiguration.framework in Frameworks */,
				1CDEBB911C96F9A0001BB462 /* AudioToolbox.framework in Frameworks */,
				1CDEBB8F1C96F98E001BB462 /* AVFoundation.framework in Frameworks */,
				1CDEBB8D1C96F983001BB462 /* EventKit.framework in Frameworks */,
				1CDEBB8B1C96F976001BB462 /* Social.framework in Frameworks */,
				1CDEBB891C96F965001BB462 /* PassKit.framework in Frameworks */,
				1CDEBB871C96F959001BB462 /* StoreKit.framework in Frameworks */,
				1CDEBB851C96F940001BB462 /* CoreGraphics.framework in Frameworks */,
				1CDEBB831C96F925001BB462 /* CoreText.framework in Frameworks */,
				1CDEBB811C96F912001BB462 /* QuartzCore.framework in Frameworks */,
				1CDEBB7F1C96F905001BB462 /* MediaPlayer.framework in Frameworks */,
				1CDEBB7D1C96F8F8001BB462 /* libsqlite3.tbd in Frameworks */,
				1CDEBB7B1C96F8E6001BB462 /* libz.tbd in Frameworks */,
				1CDEBB791C96F8D7001BB462 /* CoreMedia.framework in Frameworks */,
				1CDEBB771C96F838001BB462 /* libDomobAdSDK.a in Frameworks */,
				42DB9A8A9A594CB799E45C74 /* Pods_funjoy.framework in Frameworks */,
			);
			runOnlyForDeploymentPostprocessing = 0;
		};
/* End PBXFrameworksBuildPhase section */

/* Begin PBXGroup section */
		1C3D5BF61CA0E6EE0061D01D /* basevc */ = {
			isa = PBXGroup;
			children = (
				1C3D5BFA1CA0E74C0061D01D /* BaseViewController.h */,
				1C3D5BFB1CA0E74C0061D01D /* BaseViewController.m */,
			);
			path = basevc;
			sourceTree = "<group>";
		};
		1C3D5BFD1CA0E8A10061D01D /* EnNetWork */ = {
			isa = PBXGroup;
			children = (
				1C3D5C251CA0E8A10061D01D /* LORequestManger.h */,
				1C3D5C261CA0E8A10061D01D /* LORequestManger.m */,
			);
			path = EnNetWork;
			sourceTree = "<group>";
		};
		1C3D5C391CA0E9900061D01D /* everyday */ = {
			isa = PBXGroup;
			children = (
				1C3D5C3A1CA0E9C30061D01D /* EveryDayModel.h */,
				1C3D5C3B1CA0E9C30061D01D /* EveryDayModel.m */,
			);
			name = everyday;
			sourceTree = "<group>";
		};
		1C3D5C3D1CA0E9E70061D01D /* everydayvc */ = {
			isa = PBXGroup;
			children = (
				1C3D5C411CA0EA350061D01D /* everydayView */,
			);
			name = everydayvc;
			sourceTree = "<group>";
		};
		1C3D5C411CA0EA350061D01D /* everydayView */ = {
			isa = PBXGroup;
			children = (
				1C3D5C421CA0EA710061D01D /* BlurImageView.h */,
				1C3D5C431CA0EA710061D01D /* BlurImageView.m */,
				1C3D5C441CA0EA710061D01D /* ContentScrollView.h */,
				1C3D5C451CA0EA710061D01D /* ContentScrollView.m */,
				1C3D5C461CA0EA710061D01D /* ContentView.h */,
				1C3D5C471CA0EA710061D01D /* ContentView.m */,
				1C3D5C481CA0EA710061D01D /* CustomView.h */,
				1C3D5C491CA0EA710061D01D /* CustomView.m */,
				1C3D5C4A1CA0EA710061D01D /* EveryDayTableViewCell.h */,
				1C3D5C4B1CA0EA710061D01D /* EveryDayTableViewCell.m */,
				1C3D5C4C1CA0EA710061D01D /* ImageContentView.h */,
				1C3D5C4D1CA0EA710061D01D /* ImageContentView.m */,
				1C3D5C4E1CA0EA710061D01D /* rilegouleView.h */,
				1C3D5C4F1CA0EA710061D01D /* rilegouleView.m */,
			);
			name = everydayView;
			sourceTree = "<group>";
		};
		1C52BA25200B94CA00935F4C /* view */ = {
			isa = PBXGroup;
			children = (
				1C52BA26200B94E400935F4C /* HistoryCell.h */,
				1C52BA27200B94E400935F4C /* HistoryCell.m */,
				1C8B390A200C6F6900DFB393 /* TopDateView.h */,
				1C8B390B200C6F6900DFB393 /* TopDateView.m */,
			);
			name = view;
			path = third/view;
			sourceTree = "<group>";
		};
		1C5767022008B48D00CA3771 /* store */ = {
			isa = PBXGroup;
			children = (
				1C5767092008B6D300CA3771 /* YNetWorkManger.h */,
				1C57670A2008B6D300CA3771 /* YNetWorkManger.m */,
				1C57670C2008C38100CA3771 /* HttpRequestFacade.h */,
				1C57670D2008C38100CA3771 /* HttpRequestFacade.m */,
				1C5767162008D83000CA3771 /* HistoryStore.h */,
				1C5767172008D83000CA3771 /* HistoryStore.m */,
			);
			path = store;
			sourceTree = "<group>";
		};
		1C57670F2008D33600CA3771 /* history */ = {
			isa = PBXGroup;
			children = (
				1C5767102008D35000CA3771 /* History.h */,
				1C5767112008D35000CA3771 /* History.m */,
				1C52BA21200B84B300935F4C /* HistoryDetail.h */,
				1C52BA22200B84B300935F4C /* HistoryDetail.m */,
				1C8B3907200C3CE100DFB393 /* PicUrlModel.h */,
				1C8B3908200C3CE100DFB393 /* PicUrlModel.m */,
			);
			path = history;
			sourceTree = "<group>";
		};
		1C58B3821C92A52A008A2571 = {
			isa = PBXGroup;
			children = (
				1C58B38D1C92A52A008A2571 /* funjoy */,
				1CDEBB981C96F9F2001BB462 /* framework */,
				1C58B38C1C92A52A008A2571 /* Products */,
				AF44405EE1D40396B212536D /* Pods */,
				B270A7262D8B91A4DC60D306 /* Frameworks */,
			);
			sourceTree = "<group>";
		};
		1C58B38C1C92A52A008A2571 /* Products */ = {
			isa = PBXGroup;
			children = (
				1C58B38B1C92A52A008A2571 /* funjoy.app */,
			);
			name = Products;
			sourceTree = "<group>";
		};
		1C58B38D1C92A52A008A2571 /* funjoy */ = {
			isa = PBXGroup;
			children = (
				1C5767022008B48D00CA3771 /* store */,
				1CDEBB501C96F689001BB462 /* resources */,
				1CDEBB4C1C96F326001BB462 /* processor */,
				1C58B3FC1C92AF4C008A2571 /* domain */,
				1C58B3C71C92AF02008A2571 /* category */,
				1C58B3DA1C92AF03008A2571 /* utils */,
				1C58B3A51C92AAF0008A2571 /* third */,
				1C58B3AE1C92AAF0008A2571 /* ui */,
				1C58B3911C92A52A008A2571 /* AppDelegate.h */,
				1C58B3921C92A52A008A2571 /* AppDelegate.m */,
				1C58B3941C92A52A008A2571 /* ViewController.h */,
				1C58B3951C92A52A008A2571 /* ViewController.m */,
				1C58B3971C92A52A008A2571 /* Main.storyboard */,
				1C58B39A1C92A52A008A2571 /* Assets.xcassets */,
				1C58B39C1C92A52A008A2571 /* LaunchScreen.storyboard */,
				1C58B39F1C92A52A008A2571 /* Info.plist */,
				1C58B38E1C92A52A008A2571 /* Supporting Files */,
			);
			path = funjoy;
			sourceTree = "<group>";
		};
		1C58B38E1C92A52A008A2571 /* Supporting Files */ = {
			isa = PBXGroup;
			children = (
				1C58B4CD1C92B27D008A2571 /* funjoy-Prefix.pch */,
				1C58B38F1C92A52A008A2571 /* main.m */,
			);
			name = "Supporting Files";
			sourceTree = "<group>";
		};
		1C58B3A51C92AAF0008A2571 /* third */ = {
			isa = PBXGroup;
			children = (
				1C8B390D200CA73700DFB393 /* stretchTableHeader */,
				1C3D5BFD1CA0E8A10061D01D /* EnNetWork */,
				1CDEBB6C1C96F838001BB462 /* DomobAdSDK */,
				1C58B4631C92AFE6008A2571 /* OpenUDID */,
				1C58B4661C92AFE6008A2571 /* pinYin */,
			);
			path = third;
			sourceTree = "<group>";
		};
		1C58B3AE1C92AAF0008A2571 /* ui */ = {
			isa = PBXGroup;
			children = (
				1C3D5C3D1CA0E9E70061D01D /* everydayvc */,
				1C3D5BF61CA0E6EE0061D01D /* basevc */,
				1C58B3BA1C92AD3F008A2571 /* user */,
				1C58B3B91C92AD38008A2571 /* third */,
				1C58B3B81C92AD31008A2571 /* second */,
				1C58B3B71C92AD0E008A2571 /* first */,
				1C58B3B31C92AB10008A2571 /* custom */,
			);
			path = ui;
			sourceTree = "<group>";
		};
		1C58B3B31C92AB10008A2571 /* custom */ = {
			isa = PBXGroup;
			children = (
				1CE544B21C97E3760062204E /* SIDADView */,
				1C58B3B41C92AB53008A2571 /* FunJoyTabbar.h */,
				1C58B3B51C92AB53008A2571 /* FunJoyTabbar.m */,
			);
			path = custom;
			sourceTree = "<group>";
		};
		1C58B3B71C92AD0E008A2571 /* first */ = {
			isa = PBXGroup;
			children = (
				1C3D5C571CA0EEF20061D01D /* PlayViewController.h */,
				1C3D5C581CA0EEF20061D01D /* PlayViewController.m */,
				1C58B3BB1C92AD8F008A2571 /* IndexViewController.h */,
				1C58B3BC1C92AD8F008A2571 /* IndexViewController.m */,
				1CE55C3C1C96C01700FFC7E9 /* NextViewController.h */,
				1CE55C3D1C96C01700FFC7E9 /* NextViewController.m */,
				1CE55C421C96C30D00FFC7E9 /* ForthViewController.h */,
				1CE55C431C96C30D00FFC7E9 /* ForthViewController.m */,
			);
			name = first;
			sourceTree = "<group>";
		};
		1C58B3B81C92AD31008A2571 /* second */ = {
			isa = PBXGroup;
			children = (
				1C58B3BE1C92ADA5008A2571 /* SecondViewController.h */,
				1C58B3BF1C92ADA5008A2571 /* SecondViewController.m */,
			);
			name = second;
			sourceTree = "<group>";
		};
		1C58B3B91C92AD38008A2571 /* third */ = {
			isa = PBXGroup;
			children = (
				1C52BA25200B94CA00935F4C /* view */,
				1C52BA2B200B981800935F4C /* TodayHistoryController.h */,
				1C52BA2C200B981800935F4C /* TodayHistoryController.m */,
				1C52BA1E200B82C700935F4C /* HistoryDetailController.h */,
				1C52BA1F200B82C700935F4C /* HistoryDetailController.m */,
			);
			name = third;
			sourceTree = "<group>";
		};
		1C58B3BA1C92AD3F008A2571 /* user */ = {
			isa = PBXGroup;
			children = (
				1C58B3C41C92ADCE008A2571 /* UserCenterViewController.h */,
				1C58B3C51C92ADCE008A2571 /* UserCenterViewController.m */,
			);
			name = user;
			sourceTree = "<group>";
		};
		1C58B3C71C92AF02008A2571 /* category */ = {
			isa = PBXGroup;
			children = (
				1CE55C3F1C96C1EE00FFC7E9 /* UINavigationController+FDFullscreenPopGesture.h */,
				1CE55C401C96C1EE00FFC7E9 /* UINavigationController+FDFullscreenPopGesture.m */,
				1C58B3C81C92AF02008A2571 /* NSNull+JSON.h */,
				1C58B3C91C92AF02008A2571 /* NSNull+JSON.m */,
				1C58B3CA1C92AF02008A2571 /* NSString+stringPlus.h */,
				1C58B3CB1C92AF02008A2571 /* NSString+stringPlus.m */,
				1C58B3CC1C92AF02008A2571 /* Toast+UIView.h */,
				1C58B3CD1C92AF02008A2571 /* Toast+UIView.m */,
				1C58B3CE1C92AF02008A2571 /* UIImage+imagePlus.h */,
				1C58B3CF1C92AF02008A2571 /* UIImage+imagePlus.m */,
				1C58B3D01C92AF02008A2571 /* UILabel+Custom.h */,
				1C58B3D11C92AF03008A2571 /* UILabel+Custom.m */,
				1C58B3D21C92AF03008A2571 /* UINavigationController+Autorotate.h */,
				1C58B3D31C92AF03008A2571 /* UINavigationController+Autorotate.m */,
				1C58B3D41C92AF03008A2571 /* UIView+Custom.h */,
				1C58B3D51C92AF03008A2571 /* UIView+Custom.m */,
				1C58B3D61C92AF03008A2571 /* UIView+KGViewExtend.h */,
				1C58B3D71C92AF03008A2571 /* UIView+KGViewExtend.m */,
				1C58B3D81C92AF03008A2571 /* UIViewController+Custom.h */,
				1C58B3D91C92AF03008A2571 /* UIViewController+Custom.m */,
			);
			path = category;
			sourceTree = "<group>";
		};
		1C58B3DA1C92AF03008A2571 /* utils */ = {
			isa = PBXGroup;
			children = (
				1C58B3DB1C92AF03008A2571 /* ColorUtils.h */,
				1C58B3DC1C92AF03008A2571 /* ColorUtils.m */,
				1C58B3DD1C92AF03008A2571 /* DateUtils.h */,
				1C58B3DE1C92AF03008A2571 /* DateUtils.m */,
				1C58B3DF1C92AF03008A2571 /* DeviceUtils.h */,
				1C58B3E01C92AF03008A2571 /* DeviceUtils.m */,
				1C58B3E11C92AF03008A2571 /* FunctionUtils.h */,
				1C58B3E21C92AF03008A2571 /* FunctionUtils.m */,
				1C58B3E31C92AF03008A2571 /* ImageUtils.h */,
				1C58B3E41C92AF03008A2571 /* ImageUtils.m */,
				1C58B3E51C92AF03008A2571 /* NSNumber+Utils.h */,
				1C58B3E61C92AF03008A2571 /* NSNumber+Utils.m */,
				1C58B3E71C92AF03008A2571 /* NSStringUtils.h */,
				1C58B3E81C92AF03008A2571 /* NSStringUtils.m */,
				1C58B3E91C92AF03008A2571 /* UIImage+utils.h */,
				1C58B3EA1C92AF03008A2571 /* UIImage+utils.m */,
			);
			path = utils;
			sourceTree = "<group>";
		};
		1C58B3FC1C92AF4C008A2571 /* domain */ = {
			isa = PBXGroup;
			children = (
				1C57670F2008D33600CA3771 /* history */,
				1C3D5C391CA0E9900061D01D /* everyday */,
				1C58B3FD1C92AF4C008A2571 /* common */,
				1C58B40A1C92AF4C008A2571 /* system */,
			);
			path = domain;
			sourceTree = "<group>";
		};
		1C58B3FD1C92AF4C008A2571 /* common */ = {
			isa = PBXGroup;
			children = (
				1C58B3FE1C92AF4C008A2571 /* CommonItemTxt.h */,
				1C58B3FF1C92AF4C008A2571 /* CommonItemTxt.m */,
				1C58B4001C92AF4C008A2571 /* Constant.h */,
				1C58B4011C92AF4C008A2571 /* Constant.m */,
				1C58B4021C92AF4C008A2571 /* LBSUtils.h */,
				1C58B4031C92AF4C008A2571 /* LBSUtils.m */,
				1C58B4041C92AF4C008A2571 /* Page.h */,
				1C58B4051C92AF4C008A2571 /* Page.m */,
				1C58B4061C92AF4C008A2571 /* SortType.h */,
				1C58B4071C92AF4C008A2571 /* SortType.m */,
				1C58B4081C92AF4C008A2571 /* TimeUtils.h */,
				1C58B4091C92AF4C008A2571 /* TimeUtils.m */,
			);
			path = common;
			sourceTree = "<group>";
		};
		1C58B40A1C92AF4C008A2571 /* system */ = {
			isa = PBXGroup;
			children = (
				1C58B40B1C92AF4C008A2571 /* AppActiveScene.h */,
				1C58B40C1C92AF4C008A2571 /* AppStatus.h */,
				1C58B40D1C92AF4C008A2571 /* AppStatus.m */,
				1C58B40E1C92AF4C008A2571 /* ExceptionMsg.h */,
				1C58B40F1C92AF4C008A2571 /* ExceptionMsg.m */,
				1C58B4101C92AF4C008A2571 /* ExpertFilter.h */,
				1C58B4111C92AF4C008A2571 /* ExpertFilter.m */,
				1C58B4121C92AF4C008A2571 /* JSONSerializable.h */,
				1C58B4131C92AF4C008A2571 /* Notice.h */,
				1C58B4141C92AF4C008A2571 /* Notice.m */,
				1C58B4151C92AF4C008A2571 /* PushRecord.h */,
				1C58B4161C92AF4C008A2571 /* PushRecord.m */,
				1C58B4171C92AF4C008A2571 /* ServicePicture.h */,
				1C58B4181C92AF4C008A2571 /* ServicePicture.m */,
				1C58B4191C92AF4C008A2571 /* SessionMsg.h */,
				1C58B41A1C92AF4C008A2571 /* SessionMsg.m */,
				1C58B41B1C92AF4C008A2571 /* Tag.h */,
				1C58B41C1C92AF4C008A2571 /* Tag.m */,
				1C58B41F1C92AF4C008A2571 /* User.h */,
				1C58B4201C92AF4C008A2571 /* User.m */,
			);
			path = system;
			sourceTree = "<group>";
		};
		1C58B4631C92AFE6008A2571 /* OpenUDID */ = {
			isa = PBXGroup;
			children = (
				1C58B4641C92AFE6008A2571 /* OpenUDID.h */,
				1C58B4651C92AFE6008A2571 /* OpenUDID.m */,
			);
			path = OpenUDID;
			sourceTree = "<group>";
		};
		1C58B4661C92AFE6008A2571 /* pinYin */ = {
			isa = PBXGroup;
			children = (
				1C58B4671C92AFE6008A2571 /* ChineseInclude.h */,
				1C58B4681C92AFE6008A2571 /* ChineseInclude.m */,
				1C58B4711C92AFE6008A2571 /* PinYinForObjc.h */,
				1C58B4721C92AFE6008A2571 /* PinYinForObjc.m */,
			);
			path = pinYin;
			sourceTree = "<group>";
		};
		1C8B390D200CA73700DFB393 /* stretchTableHeader */ = {
			isa = PBXGroup;
			children = (
				1C8B390E200CA73700DFB393 /* HFStretchableTableHeaderView.m */,
				1C8B390F200CA73700DFB393 /* HFStretchableTableHeaderView.h */,
			);
			path = stretchTableHeader;
			sourceTree = "<group>";
		};
		1CDEBB4C1C96F326001BB462 /* processor */ = {
			isa = PBXGroup;
			children = (
				1CDEBB4D1C96F384001BB462 /* DomobAdProcessor.h */,
				1CDEBB4E1C96F384001BB462 /* DomobAdProcessor.m */,
			);
			name = processor;
			sourceTree = "<group>";
		};
		1CDEBB501C96F689001BB462 /* resources */ = {
			isa = PBXGroup;
			children = (
				1C52BA2E200B9ADB00935F4C /* bg.png */,
				1C52BA29200B968100935F4C /* bg.jpg */,
				1CDEBB511C96F689001BB462 /* defaults */,
			);
			path = resources;
			sourceTree = "<group>";
		};
		1CDEBB511C96F689001BB462 /* defaults */ = {
			isa = PBXGroup;
			children = (
				1CDEBB521C96F689001BB462 /* Default-568h@2x.png */,
				1CDEBB531C96F689001BB462 /* Default-Landscape@2x~ipad.png */,
				1CDEBB541C96F689001BB462 /* Default-Landscape~ipad.png */,
				1CDEBB551C96F689001BB462 /* Default-Portrait@2x~ipad.png */,
				1CDEBB561C96F689001BB462 /* Default-Portrait~ipad.png */,
				1CDEBB571C96F689001BB462 /* Default.png */,
				1CDEBB581C96F689001BB462 /* Default@2x.png */,
			);
			path = defaults;
			sourceTree = "<group>";
		};
		1CDEBB6C1C96F838001BB462 /* DomobAdSDK */ = {
			isa = PBXGroup;
			children = (
				1CDEBB6D1C96F838001BB462 /* DMAdView.h */,
				1CDEBB6E1C96F838001BB462 /* DMFeedsAdView.h */,
				1CDEBB6F1C96F838001BB462 /* DMInterstitialAdController.h */,
				1CDEBB701C96F838001BB462 /* DMRTSplashAdController.h */,
				1CDEBB711C96F838001BB462 /* DMSplashAdController.h */,
				1CDEBB721C96F838001BB462 /* DMTools.h */,
				1CDEBB731C96F838001BB462 /* DomobAdSDKBundle */,
				1CDEBB751C96F838001BB462 /* libDomobAdSDK.a */,
			);
			path = DomobAdSDK;
			sourceTree = "<group>";
		};
		1CDEBB731C96F838001BB462 /* DomobAdSDKBundle */ = {
			isa = PBXGroup;
			children = (
				1CDEBB741C96F838001BB462 /* DomobAdSDKBundle.bundle */,
			);
			path = DomobAdSDKBundle;
			sourceTree = "<group>";
		};
		1CDEBB981C96F9F2001BB462 /* framework */ = {
			isa = PBXGroup;
			children = (
				1CDEBB961C96F9C8001BB462 /* UIKit.framework */,
				1CDEBB941C96F9B9001BB462 /* Foundation.framework */,
				1CDEBB921C96F9AD001BB462 /* SystemConfiguration.framework */,
				1CDEBB901C96F9A0001BB462 /* AudioToolbox.framework */,
				1CDEBB8E1C96F98E001BB462 /* AVFoundation.framework */,
				1CDEBB8C1C96F983001BB462 /* EventKit.framework */,
				1CDEBB8A1C96F976001BB462 /* Social.framework */,
				1CDEBB881C96F965001BB462 /* PassKit.framework */,
				1CDEBB861C96F959001BB462 /* StoreKit.framework */,
				1CDEBB841C96F93F001BB462 /* CoreGraphics.framework */,
				1CDEBB821C96F925001BB462 /* CoreText.framework */,
				1CDEBB801C96F912001BB462 /* QuartzCore.framework */,
				1CDEBB7E1C96F905001BB462 /* MediaPlayer.framework */,
				1CDEBB7C1C96F8F8001BB462 /* libsqlite3.tbd */,
				1CDEBB7A1C96F8E6001BB462 /* libz.tbd */,
				1CDEBB781C96F8D7001BB462 /* CoreMedia.framework */,
			);
			name = framework;
			sourceTree = "<group>";
		};
		1CE544B21C97E3760062204E /* SIDADView */ = {
			isa = PBXGroup;
			children = (
				1CE544B31C97E3760062204E /* SIDADView.h */,
				1CE544B41C97E3760062204E /* SIDADView.m */,
			);
			path = SIDADView;
			sourceTree = "<group>";
		};
		AF44405EE1D40396B212536D /* Pods */ = {
			isa = PBXGroup;
			children = (
				1BEB1E142EECA4EBF2A97BD2 /* Pods-funjoy.debug.xcconfig */,
				9F10FEFB336D1395B9773F69 /* Pods-funjoy.release.xcconfig */,
			);
			name = Pods;
			sourceTree = "<group>";
		};
		B270A7262D8B91A4DC60D306 /* Frameworks */ = {
			isa = PBXGroup;
			children = (
				334123488D2DB21C19875B3D /* Pods_funjoy.framework */,
			);
			name = Frameworks;
			sourceTree = "<group>";
		};
/* End PBXGroup section */

/* Begin PBXNativeTarget section */
		1C58B38A1C92A52A008A2571 /* funjoy */ = {
			isa = PBXNativeTarget;
			buildConfigurationList = 1C58B3A21C92A52A008A2571 /* Build configuration list for PBXNativeTarget "funjoy" */;
			buildPhases = (
				1F381EB6883931AA0A148C49 /* [CP] Check Pods Manifest.lock */,
				1C58B3871C92A52A008A2571 /* Sources */,
				1C58B3881C92A52A008A2571 /* Frameworks */,
				1C58B3891C92A52A008A2571 /* Resources */,
				02A836C44D8EF28DA4306318 /* [CP] Embed Pods Frameworks */,
				374BC89F9A8A7B84E1317C3A /* [CP] Copy Pods Resources */,
			);
			buildRules = (
			);
			dependencies = (
			);
			name = funjoy;
			productName = funjoy;
			productReference = 1C58B38B1C92A52A008A2571 /* funjoy.app */;
			productType = "com.apple.product-type.application";
		};
/* End PBXNativeTarget section */

/* Begin PBXProject section */
		1C58B3831C92A52A008A2571 /* Project object */ = {
			isa = PBXProject;
			attributes = {
				LastUpgradeCheck = 0920;
				ORGANIZATIONNAME = xubojoy;
				TargetAttributes = {
					1C58B38A1C92A52A008A2571 = {
						CreatedOnToolsVersion = 7.2.1;
						DevelopmentTeam = 475AM2DC65;
					};
				};
			};
			buildConfigurationList = 1C58B3861C92A52A008A2571 /* Build configuration list for PBXProject "funjoy" */;
			compatibilityVersion = "Xcode 3.2";
			developmentRegion = English;
			hasScannedForEncodings = 0;
			knownRegions = (
				en,
				Base,
			);
			mainGroup = 1C58B3821C92A52A008A2571;
			productRefGroup = 1C58B38C1C92A52A008A2571 /* Products */;
			projectDirPath = "";
			projectRoot = "";
			targets = (
				1C58B38A1C92A52A008A2571 /* funjoy */,
			);
		};
/* End PBXProject section */

/* Begin PBXResourcesBuildPhase section */
		1C58B3891C92A52A008A2571 /* Resources */ = {
			isa = PBXResourcesBuildPhase;
			buildActionMask = 2147483647;
			files = (
				1C52BA2F200B9ADB00935F4C /* bg.png in Resources */,
				1CDEBB5B1C96F689001BB462 /* Default-Landscape~ipad.png in Resources */,
				1CDEBB761C96F838001BB462 /* DomobAdSDKBundle.bundle in Resources */,
				1C58B39E1C92A52A008A2571 /* LaunchScreen.storyboard in Resources */,
				1C58B39B1C92A52A008A2571 /* Assets.xcassets in Resources */,
				1CDEBB5F1C96F689001BB462 /* Default@2x.png in Resources */,
				1CDEBB5A1C96F689001BB462 /* Default-Landscape@2x~ipad.png in Resources */,
				1CDEBB5C1C96F689001BB462 /* Default-Portrait@2x~ipad.png in Resources */,
				1CDEBB5E1C96F689001BB462 /* Default.png in Resources */,
				1CDEBB5D1C96F689001BB462 /* Default-Portrait~ipad.png in Resources */,
				1CDEBB591C96F689001BB462 /* Default-568h@2x.png in Resources */,
				1C52BA2A200B968100935F4C /* bg.jpg in Resources */,
				1C58B3991C92A52A008A2571 /* Main.storyboard in Resources */,
			);
			runOnlyForDeploymentPostprocessing = 0;
		};
/* End PBXResourcesBuildPhase section */

/* Begin PBXShellScriptBuildPhase section */
		02A836C44D8EF28DA4306318 /* [CP] Embed Pods Frameworks */ = {
			isa = PBXShellScriptBuildPhase;
			buildActionMask = 2147483647;
			files = (
			);
			inputPaths = (
				"${SRCROOT}/Pods/Target Support Files/Pods-funjoy/Pods-funjoy-frameworks.sh",
				"${BUILT_PRODUCTS_DIR}/AFNetworking/AFNetworking.framework",
				"${BUILT_PRODUCTS_DIR}/JSONKit/JSONKit.framework",
				"${BUILT_PRODUCTS_DIR}/MJExtension/MJExtension.framework",
				"${BUILT_PRODUCTS_DIR}/MJRefresh/MJRefresh.framework",
				"${BUILT_PRODUCTS_DIR}/Masonry/Masonry.framework",
				"${BUILT_PRODUCTS_DIR}/PinYin4Objc/PinYin4Objc.framework",
				"${BUILT_PRODUCTS_DIR}/RDVTabBarController/RDVTabBarController.framework",
				"${BUILT_PRODUCTS_DIR}/SDCycleScrollView/SDCycleScrollView.framework",
				"${BUILT_PRODUCTS_DIR}/SDWebImage/SDWebImage.framework",
				"${BUILT_PRODUCTS_DIR}/TYAttributedLabel/TYAttributedLabel.framework",
				"${BUILT_PRODUCTS_DIR}/zhUITableViewAnimations/zhUITableViewAnimations.framework",
			);
			name = "[CP] Embed Pods Frameworks";
			outputPaths = (
				"${TARGET_BUILD_DIR}/${FRAMEWORKS_FOLDER_PATH}/AFNetworking.framework",
				"${TARGET_BUILD_DIR}/${FRAMEWORKS_FOLDER_PATH}/JSONKit.framework",
				"${TARGET_BUILD_DIR}/${FRAMEWORKS_FOLDER_PATH}/MJExtension.framework",
				"${TARGET_BUILD_DIR}/${FRAMEWORKS_FOLDER_PATH}/MJRefresh.framework",
				"${TARGET_BUILD_DIR}/${FRAMEWORKS_FOLDER_PATH}/Masonry.framework",
				"${TARGET_BUILD_DIR}/${FRAMEWORKS_FOLDER_PATH}/PinYin4Objc.framework",
				"${TARGET_BUILD_DIR}/${FRAMEWORKS_FOLDER_PATH}/RDVTabBarController.framework",
				"${TARGET_BUILD_DIR}/${FRAMEWORKS_FOLDER_PATH}/SDCycleScrollView.framework",
				"${TARGET_BUILD_DIR}/${FRAMEWORKS_FOLDER_PATH}/SDWebImage.framework",
				"${TARGET_BUILD_DIR}/${FRAMEWORKS_FOLDER_PATH}/TYAttributedLabel.framework",
				"${TARGET_BUILD_DIR}/${FRAMEWORKS_FOLDER_PATH}/zhUITableViewAnimations.framework",
			);
			runOnlyForDeploymentPostprocessing = 0;
			shellPath = /bin/sh;
			shellScript = "\"${SRCROOT}/Pods/Target Support Files/Pods-funjoy/Pods-funjoy-frameworks.sh\"\n";
			showEnvVarsInLog = 0;
		};
		1F381EB6883931AA0A148C49 /* [CP] Check Pods Manifest.lock */ = {
			isa = PBXShellScriptBuildPhase;
			buildActionMask = 2147483647;
			files = (
			);
			inputPaths = (
				"${PODS_PODFILE_DIR_PATH}/Podfile.lock",
				"${PODS_ROOT}/Manifest.lock",
			);
			name = "[CP] Check Pods Manifest.lock";
			outputPaths = (
				"$(DERIVED_FILE_DIR)/Pods-funjoy-checkManifestLockResult.txt",
			);
			runOnlyForDeploymentPostprocessing = 0;
			shellPath = /bin/sh;
			shellScript = "diff \"${PODS_PODFILE_DIR_PATH}/Podfile.lock\" \"${PODS_ROOT}/Manifest.lock\" > /dev/null\nif [ $? != 0 ] ; then\n    # print error to STDERR\n    echo \"error: The sandbox is not in sync with the Podfile.lock. Run 'pod install' or update your CocoaPods installation.\" >&2\n    exit 1\nfi\n# This output is used by Xcode 'outputs' to avoid re-running this script phase.\necho \"SUCCESS\" > \"${SCRIPT_OUTPUT_FILE_0}\"\n";
			showEnvVarsInLog = 0;
		};
		374BC89F9A8A7B84E1317C3A /* [CP] Copy Pods Resources */ = {
			isa = PBXShellScriptBuildPhase;
			buildActionMask = 2147483647;
			files = (
			);
			inputPaths = (
				"${SRCROOT}/Pods/Target Support Files/Pods-funjoy/Pods-funjoy-resources.sh",
				"${PODS_ROOT}/MJRefresh/MJRefresh/MJRefresh.bundle",
				"${PODS_ROOT}/PinYin4Objc/PinYin4Objc/Resources/unicode_to_hanyu_pinyin.txt",
			);
			name = "[CP] Copy Pods Resources";
			outputPaths = (
				"${TARGET_BUILD_DIR}/${UNLOCALIZED_RESOURCES_FOLDER_PATH}",
			);
			runOnlyForDeploymentPostprocessing = 0;
			shellPath = /bin/sh;
			shellScript = "\"${SRCROOT}/Pods/Target Support Files/Pods-funjoy/Pods-funjoy-resources.sh\"\n";
			showEnvVarsInLog = 0;
		};
/* End PBXShellScriptBuildPhase section */

/* Begin PBXSourcesBuildPhase section */
		1C58B3871C92A52A008A2571 /* Sources */ = {
			isa = PBXSourcesBuildPhase;
			buildActionMask = 2147483647;
			files = (
				1C3D5C551CA0EA710061D01D /* ImageContentView.m in Sources */,
				1C3D5C511CA0EA710061D01D /* ContentScrollView.m in Sources */,
				1C58B42C1C92AF4C008A2571 /* ServicePicture.m in Sources */,
				1C58B3F21C92AF03008A2571 /* UIView+KGViewExtend.m in Sources */,
				1C58B4231C92AF4C008A2571 /* LBSUtils.m in Sources */,
				1C3D5C521CA0EA710061D01D /* ContentView.m in Sources */,
				1C58B4211C92AF4C008A2571 /* CommonItemTxt.m in Sources */,
				1C58B4281C92AF4C008A2571 /* ExceptionMsg.m in Sources */,
				1CE55C411C96C1EE00FFC7E9 /* UINavigationController+FDFullscreenPopGesture.m in Sources */,
				1C57670E2008C38100CA3771 /* HttpRequestFacade.m in Sources */,
				1C58B3C01C92ADA5008A2571 /* SecondViewController.m in Sources */,
				1C58B3F01C92AF03008A2571 /* UINavigationController+Autorotate.m in Sources */,
				1C58B3F31C92AF03008A2571 /* UIViewController+Custom.m in Sources */,
				1C58B3F51C92AF03008A2571 /* DateUtils.m in Sources */,
				1C58B3C61C92ADCE008A2571 /* UserCenterViewController.m in Sources */,
				1C58B3FB1C92AF03008A2571 /* UIImage+utils.m in Sources */,
				1C58B3F61C92AF03008A2571 /* DeviceUtils.m in Sources */,
				1C58B3961C92A52A008A2571 /* ViewController.m in Sources */,
				1C58B3F91C92AF03008A2571 /* NSNumber+Utils.m in Sources */,
				1C58B4AF1C92AFE6008A2571 /* OpenUDID.m in Sources */,
				1C5767122008D35000CA3771 /* History.m in Sources */,
				1C3D5C3C1CA0E9C30061D01D /* EveryDayModel.m in Sources */,
				1C58B4291C92AF4C008A2571 /* ExpertFilter.m in Sources */,
				1CE544B51C97E3760062204E /* SIDADView.m in Sources */,
				1C58B3FA1C92AF03008A2571 /* NSStringUtils.m in Sources */,
				1C58B4221C92AF4C008A2571 /* Constant.m in Sources */,
				1C58B3EE1C92AF03008A2571 /* UIImage+imagePlus.m in Sources */,
				1C58B3EC1C92AF03008A2571 /* NSString+stringPlus.m in Sources */,
				1C58B3F41C92AF03008A2571 /* ColorUtils.m in Sources */,
				1C52BA20200B82C700935F4C /* HistoryDetailController.m in Sources */,
				1C58B3F11C92AF03008A2571 /* UIView+Custom.m in Sources */,
				1C58B4261C92AF4C008A2571 /* TimeUtils.m in Sources */,
				1C58B4B01C92AFE6008A2571 /* ChineseInclude.m in Sources */,
				1C58B42E1C92AF4C008A2571 /* Tag.m in Sources */,
				1C58B42B1C92AF4C008A2571 /* PushRecord.m in Sources */,
				1C58B3B61C92AB53008A2571 /* FunJoyTabbar.m in Sources */,
				1C3D5C531CA0EA710061D01D /* CustomView.m in Sources */,
				1C58B4301C92AF4C008A2571 /* User.m in Sources */,
				1CE55C3E1C96C01700FFC7E9 /* NextViewController.m in Sources */,
				1CDEBB4F1C96F384001BB462 /* DomobAdProcessor.m in Sources */,
				1C5767182008D83000CA3771 /* HistoryStore.m in Sources */,
				1C3D5C501CA0EA710061D01D /* BlurImageView.m in Sources */,
				1C58B3931C92A52A008A2571 /* AppDelegate.m in Sources */,
				1C8B3910200CA73700DFB393 /* HFStretchableTableHeaderView.m in Sources */,
				1C58B4B51C92AFE6008A2571 /* PinYinForObjc.m in Sources */,
				1C58B3F71C92AF03008A2571 /* FunctionUtils.m in Sources */,
				1C58B3F81C92AF03008A2571 /* ImageUtils.m in Sources */,
				1C58B3EB1C92AF03008A2571 /* NSNull+JSON.m in Sources */,
				1C3D5BFC1CA0E74C0061D01D /* BaseViewController.m in Sources */,
				1C58B3901C92A52A008A2571 /* main.m in Sources */,
				1C58B42A1C92AF4C008A2571 /* Notice.m in Sources */,
				1C58B42D1C92AF4C008A2571 /* SessionMsg.m in Sources */,
				1C57670B2008B6D300CA3771 /* YNetWorkManger.m in Sources */,
				1C58B3ED1C92AF03008A2571 /* Toast+UIView.m in Sources */,
				1C8B3909200C3CE100DFB393 /* PicUrlModel.m in Sources */,
				1C58B3BD1C92AD8F008A2571 /* IndexViewController.m in Sources */,
				1C3D5C561CA0EA710061D01D /* rilegouleView.m in Sources */,
				1C8B390C200C6F6900DFB393 /* TopDateView.m in Sources */,
				1C52BA23200B84B300935F4C /* HistoryDetail.m in Sources */,
				1C58B4251C92AF4C008A2571 /* SortType.m in Sources */,
				1C3D5C541CA0EA710061D01D /* EveryDayTableViewCell.m in Sources */,
				1C58B4241C92AF4C008A2571 /* Page.m in Sources */,
				1C52BA2D200B981800935F4C /* TodayHistoryController.m in Sources */,
				1C52BA28200B94E400935F4C /* HistoryCell.m in Sources */,
				1C3D5C381CA0E8A10061D01D /* LORequestManger.m in Sources */,
				1C58B3EF1C92AF03008A2571 /* UILabel+Custom.m in Sources */,
				1CE55C441C96C30D00FFC7E9 /* ForthViewController.m in Sources */,
				1C3D5C591CA0EEF20061D01D /* PlayViewController.m in Sources */,
				1C58B4271C92AF4C008A2571 /* AppStatus.m in Sources */,
			);
			runOnlyForDeploymentPostprocessing = 0;
		};
/* End PBXSourcesBuildPhase section */

/* Begin PBXVariantGroup section */
		1C58B3971C92A52A008A2571 /* Main.storyboard */ = {
			isa = PBXVariantGroup;
			children = (
				1C58B3981C92A52A008A2571 /* Base */,
			);
			name = Main.storyboard;
			sourceTree = "<group>";
		};
		1C58B39C1C92A52A008A2571 /* LaunchScreen.storyboard */ = {
			isa = PBXVariantGroup;
			children = (
				1C58B39D1C92A52A008A2571 /* Base */,
			);
			name = LaunchScreen.storyboard;
			sourceTree = "<group>";
		};
/* End PBXVariantGroup section */

/* Begin XCBuildConfiguration section */
		1C58B3A01C92A52A008A2571 /* Debug */ = {
			isa = XCBuildConfiguration;
			buildSettings = {
				ALWAYS_SEARCH_USER_PATHS = NO;
				CLANG_CXX_LANGUAGE_STANDARD = "gnu++0x";
				CLANG_CXX_LIBRARY = "libc++";
				CLANG_ENABLE_MODULES = YES;
				CLANG_ENABLE_OBJC_ARC = YES;
				CLANG_WARN_BLOCK_CAPTURE_AUTORELEASING = YES;
				CLANG_WARN_BOOL_CONVERSION = YES;
				CLANG_WARN_COMMA = YES;
				CLANG_WARN_CONSTANT_CONVERSION = YES;
				CLANG_WARN_DIRECT_OBJC_ISA_USAGE = YES_ERROR;
				CLANG_WARN_EMPTY_BODY = YES;
				CLANG_WARN_ENUM_CONVERSION = YES;
				CLANG_WARN_INFINITE_RECURSION = YES;
				CLANG_WARN_INT_CONVERSION = YES;
				CLANG_WARN_NON_LITERAL_NULL_CONVERSION = YES;
				CLANG_WARN_OBJC_LITERAL_CONVERSION = YES;
				CLANG_WARN_OBJC_ROOT_CLASS = YES_ERROR;
				CLANG_WARN_RANGE_LOOP_ANALYSIS = YES;
				CLANG_WARN_STRICT_PROTOTYPES = YES;
				CLANG_WARN_SUSPICIOUS_MOVE = YES;
				CLANG_WARN_UNREACHABLE_CODE = YES;
				CLANG_WARN__DUPLICATE_METHOD_MATCH = YES;
				"CODE_SIGN_IDENTITY[sdk=iphoneos*]" = "iPhone Developer";
				COPY_PHASE_STRIP = NO;
				DEBUG_INFORMATION_FORMAT = dwarf;
				ENABLE_STRICT_OBJC_MSGSEND = YES;
				ENABLE_TESTABILITY = YES;
				GCC_C_LANGUAGE_STANDARD = gnu99;
				GCC_DYNAMIC_NO_PIC = NO;
				GCC_NO_COMMON_BLOCKS = YES;
				GCC_OPTIMIZATION_LEVEL = 0;
				GCC_PREPROCESSOR_DEFINITIONS = (
					"DEBUG=1",
					"$(inherited)",
				);
				GCC_WARN_64_TO_32_BIT_CONVERSION = YES;
				GCC_WARN_ABOUT_RETURN_TYPE = YES_ERROR;
				GCC_WARN_UNDECLARED_SELECTOR = YES;
				GCC_WARN_UNINITIALIZED_AUTOS = YES_AGGRESSIVE;
				GCC_WARN_UNUSED_FUNCTION = YES;
				GCC_WARN_UNUSED_VARIABLE = YES;
				IPHONEOS_DEPLOYMENT_TARGET = 9.2;
				MTL_ENABLE_DEBUG_INFO = YES;
				ONLY_ACTIVE_ARCH = YES;
				SDKROOT = iphoneos;
			};
			name = Debug;
		};
		1C58B3A11C92A52A008A2571 /* Release */ = {
			isa = XCBuildConfiguration;
			buildSettings = {
				ALWAYS_SEARCH_USER_PATHS = NO;
				CLANG_CXX_LANGUAGE_STANDARD = "gnu++0x";
				CLANG_CXX_LIBRARY = "libc++";
				CLANG_ENABLE_MODULES = YES;
				CLANG_ENABLE_OBJC_ARC = YES;
				CLANG_WARN_BLOCK_CAPTURE_AUTORELEASING = YES;
				CLANG_WARN_BOOL_CONVERSION = YES;
				CLANG_WARN_COMMA = YES;
				CLANG_WARN_CONSTANT_CONVERSION = YES;
				CLANG_WARN_DIRECT_OBJC_ISA_USAGE = YES_ERROR;
				CLANG_WARN_EMPTY_BODY = YES;
				CLANG_WARN_ENUM_CONVERSION = YES;
				CLANG_WARN_INFINITE_RECURSION = YES;
				CLANG_WARN_INT_CONVERSION = YES;
				CLANG_WARN_NON_LITERAL_NULL_CONVERSION = YES;
				CLANG_WARN_OBJC_LITERAL_CONVERSION = YES;
				CLANG_WARN_OBJC_ROOT_CLASS = YES_ERROR;
				CLANG_WARN_RANGE_LOOP_ANALYSIS = YES;
				CLANG_WARN_STRICT_PROTOTYPES = YES;
				CLANG_WARN_SUSPICIOUS_MOVE = YES;
				CLANG_WARN_UNREACHABLE_CODE = YES;
				CLANG_WARN__DUPLICATE_METHOD_MATCH = YES;
				"CODE_SIGN_IDENTITY[sdk=iphoneos*]" = "iPhone Developer";
				COPY_PHASE_STRIP = NO;
				DEBUG_INFORMATION_FORMAT = "dwarf-with-dsym";
				ENABLE_NS_ASSERTIONS = NO;
				ENABLE_STRICT_OBJC_MSGSEND = YES;
				GCC_C_LANGUAGE_STANDARD = gnu99;
				GCC_NO_COMMON_BLOCKS = YES;
				GCC_WARN_64_TO_32_BIT_CONVERSION = YES;
				GCC_WARN_ABOUT_RETURN_TYPE = YES_ERROR;
				GCC_WARN_UNDECLARED_SELECTOR = YES;
				GCC_WARN_UNINITIALIZED_AUTOS = YES_AGGRESSIVE;
				GCC_WARN_UNUSED_FUNCTION = YES;
				GCC_WARN_UNUSED_VARIABLE = YES;
				IPHONEOS_DEPLOYMENT_TARGET = 9.2;
				MTL_ENABLE_DEBUG_INFO = NO;
				SDKROOT = iphoneos;
				VALIDATE_PRODUCT = YES;
			};
			name = Release;
		};
		1C58B3A31C92A52A008A2571 /* Debug */ = {
			isa = XCBuildConfiguration;
			baseConfigurationReference = 1BEB1E142EECA4EBF2A97BD2 /* Pods-funjoy.debug.xcconfig */;
			buildSettings = {
				ALWAYS_EMBED_SWIFT_STANDARD_LIBRARIES = NO;
				ASSETCATALOG_COMPILER_APPICON_NAME = AppIcon;
				CODE_SIGN_IDENTITY = "iPhone Developer";
				"CODE_SIGN_IDENTITY[sdk=iphoneos*]" = "iPhone Developer";
				ENABLE_BITCODE = NO;
				ENABLE_STRICT_OBJC_MSGSEND = NO;
				GCC_PREFIX_HEADER = "$(SRCROOT)/funjoy/funjoy-Prefix.pch";
				INFOPLIST_FILE = funjoy/Info.plist;
				IPHONEOS_DEPLOYMENT_TARGET = 8.0;
				LD_RUNPATH_SEARCH_PATHS = "$(inherited) @executable_path/Frameworks";
				LIBRARY_SEARCH_PATHS = (
					"$(inherited)",
					"$(PROJECT_DIR)/funjoy/third/DomobAdSDK",
				);
				OTHER_LDFLAGS = (
					"-ObjC",
					"$(inherited)",
				);
				PRODUCT_BUNDLE_IDENTIFIER = cn.golfd.funjoy;
				PRODUCT_NAME = "$(TARGET_NAME)";
				PROVISIONING_PROFILE = "";
			};
			name = Debug;
		};
		1C58B3A41C92A52A008A2571 /* Release */ = {
			isa = XCBuildConfiguration;
			baseConfigurationReference = 9F10FEFB336D1395B9773F69 /* Pods-funjoy.release.xcconfig */;
			buildSettings = {
				ALWAYS_EMBED_SWIFT_STANDARD_LIBRARIES = NO;
				ASSETCATALOG_COMPILER_APPICON_NAME = AppIcon;
				CODE_SIGN_IDENTITY = "iPhone Developer";
				"CODE_SIGN_IDENTITY[sdk=iphoneos*]" = "iPhone Developer";
				ENABLE_BITCODE = NO;
				ENABLE_STRICT_OBJC_MSGSEND = NO;
				GCC_PREFIX_HEADER = "$(SRCROOT)/funjoy/funjoy-Prefix.pch";
				INFOPLIST_FILE = funjoy/Info.plist;
				IPHONEOS_DEPLOYMENT_TARGET = 8.0;
				LD_RUNPATH_SEARCH_PATHS = "$(inherited) @executable_path/Frameworks";
				LIBRARY_SEARCH_PATHS = (
					"$(inherited)",
					"$(PROJECT_DIR)/funjoy/third/DomobAdSDK",
				);
				OTHER_LDFLAGS = (
					"-ObjC",
					"$(inherited)",
				);
				PRODUCT_BUNDLE_IDENTIFIER = cn.golfd.funjoy;
				PRODUCT_NAME = "$(TARGET_NAME)";
				PROVISIONING_PROFILE = "";
			};
			name = Release;
		};
/* End XCBuildConfiguration section */

/* Begin XCConfigurationList section */
		1C58B3861C92A52A008A2571 /* Build configuration list for PBXProject "funjoy" */ = {
			isa = XCConfigurationList;
			buildConfigurations = (
				1C58B3A01C92A52A008A2571 /* Debug */,
				1C58B3A11C92A52A008A2571 /* Release */,
			);
			defaultConfigurationIsVisible = 0;
			defaultConfigurationName = Release;
		};
		1C58B3A21C92A52A008A2571 /* Build configuration list for PBXNativeTarget "funjoy" */ = {
			isa = XCConfigurationList;
			buildConfigurations = (
				1C58B3A31C92A52A008A2571 /* Debug */,
				1C58B3A41C92A52A008A2571 /* Release */,
			);
			defaultConfigurationIsVisible = 0;
			defaultConfigurationName = Release;
		};
/* End XCConfigurationList section */
	};
	rootObject = 1C58B3831C92A52A008A2571 /* Project object */;
}
